// !$*UTF8*$!
{
	archiveVersion = 1;
	classes = {
	};
	objectVersion = 56;
	objects = {

/* Begin PBXBuildFile section */
		6B001A082BE9B79000ED923D /* AppDelegate.swift in Sources */ = {isa = PBXBuildFile; fileRef = 6B001A072BE9B79000ED923D /* AppDelegate.swift */; };
		6B001A0A2BE9B79000ED923D /* SceneDelegate.swift in Sources */ = {isa = PBXBuildFile; fileRef = 6B001A092BE9B79000ED923D /* SceneDelegate.swift */; };
		6B001A0C2BE9B79000ED923D /* ViewController.swift in Sources */ = {isa = PBXBuildFile; fileRef = 6B001A0B2BE9B79000ED923D /* ViewController.swift */; };
		6B001A0F2BE9B79000ED923D /* Base in Resources */ = {isa = PBXBuildFile; fileRef = 6B001A0E2BE9B79000ED923D /* Base */; };
		6B001A112BE9B79100ED923D /* Assets.xcassets in Resources */ = {isa = PBXBuildFile; fileRef = 6B001A102BE9B79100ED923D /* Assets.xcassets */; };
		6B001A142BE9B79100ED923D /* Base in Resources */ = {isa = PBXBuildFile; fileRef = 6B001A132BE9B79100ED923D /* Base */; };
		6B001A1F2BE9B79100ED923D /* Milestone_2Tests.swift in Sources */ = {isa = PBXBuildFile; fileRef = 6B001A1E2BE9B79100ED923D /* Milestone_2Tests.swift */; };
		6B001A292BE9B79100ED923D /* Milestone_2UITests.swift in Sources */ = {isa = PBXBuildFile; fileRef = 6B001A282BE9B79100ED923D /* Milestone_2UITests.swift */; };
		6B001A2B2BE9B79100ED923D /* Milestone_2UITestsLaunchTests.swift in Sources */ = {isa = PBXBuildFile; fileRef = 6B001A2A2BE9B79100ED923D /* Milestone_2UITestsLaunchTests.swift */; };
/* End PBXBuildFile section */

/* Begin PBXContainerItemProxy section */
		6B001A1B2BE9B79100ED923D /* PBXContainerItemProxy */ = {
			isa = PBXContainerItemProxy;
			containerPortal = 6B0019FC2BE9B79000ED923D /* Project object */;
			proxyType = 1;
			remoteGlobalIDString = 6B001A032BE9B79000ED923D;
			remoteInfo = "Milestone 2";
		};
		6B001A252BE9B79100ED923D /* PBXContainerItemProxy */ = {
			isa = PBXContainerItemProxy;
			containerPortal = 6B0019FC2BE9B79000ED923D /* Project object */;
			proxyType = 1;
			remoteGlobalIDString = 6B001A032BE9B79000ED923D;
			remoteInfo = "Milestone 2";
		};
/* End PBXContainerItemProxy section */

/* Begin PBXFileReference section */
		6B001A042BE9B79000ED923D /* Milestone 2.app */ = {isa = PBXFileReference; explicitFileType = wrapper.application; includeInIndex = 0; path = "Milestone 2.app"; sourceTree = BUILT_PRODUCTS_DIR; };
		6B001A072BE9B79000ED923D /* AppDelegate.swift */ = {isa = PBXFileReference; lastKnownFileType = sourcecode.swift; path = AppDelegate.swift; sourceTree = "<group>"; };
		6B001A092BE9B79000ED923D /* SceneDelegate.swift */ = {isa = PBXFileReference; lastKnownFileType = sourcecode.swift; path = SceneDelegate.swift; sourceTree = "<group>"; };
		6B001A0B2BE9B79000ED923D /* ViewController.swift */ = {isa = PBXFileReference; lastKnownFileType = sourcecode.swift; path = ViewController.swift; sourceTree = "<group>"; };
		6B001A0E2BE9B79000ED923D /* Base */ = {isa = PBXFileReference; lastKnownFileType = file.storyboard; name = Base; path = Base.lproj/Main.storyboard; sourceTree = "<group>"; };
		6B001A102BE9B79100ED923D /* Assets.xcassets */ = {isa = PBXFileReference; lastKnownFileType = folder.assetcatalog; path = Assets.xcassets; sourceTree = "<group>"; };
		6B001A132BE9B79100ED923D /* Base */ = {isa = PBXFileReference; lastKnownFileType = file.storyboard; name = Base; path = Base.lproj/LaunchScreen.storyboard; sourceTree = "<group>"; };
		6B001A152BE9B79100ED923D /* Info.plist */ = {isa = PBXFileReference; lastKnownFileType = text.plist.xml; path = Info.plist; sourceTree = "<group>"; };
		6B001A1A2BE9B79100ED923D /* Milestone 2Tests.xctest */ = {isa = PBXFileReference; explicitFileType = wrapper.cfbundle; includeInIndex = 0; path = "Milestone 2Tests.xctest"; sourceTree = BUILT_PRODUCTS_DIR; };
		6B001A1E2BE9B79100ED923D /* Milestone_2Tests.swift */ = {isa = PBXFileReference; lastKnownFileType = sourcecode.swift; path = Milestone_2Tests.swift; sourceTree = "<group>"; };
		6B001A242BE9B79100ED923D /* Milestone 2UITests.xctest */ = {isa = PBXFileReference; explicitFileType = wrapper.cfbundle; includeInIndex = 0; path = "Milestone 2UITests.xctest"; sourceTree = BUILT_PRODUCTS_DIR; };
		6B001A282BE9B79100ED923D /* Milestone_2UITests.swift */ = {isa = PBXFileReference; lastKnownFileType = sourcecode.swift; path = Milestone_2UITests.swift; sourceTree = "<group>"; };
		6B001A2A2BE9B79100ED923D /* Milestone_2UITestsLaunchTests.swift */ = {isa = PBXFileReference; lastKnownFileType = sourcecode.swift; path = Milestone_2UITestsLaunchTests.swift; sourceTree = "<group>"; };
/* End PBXFileReference section */

/* Begin PBXFrameworksBuildPhase section */
		6B001A012BE9B79000ED923D /* Frameworks */ = {
			isa = PBXFrameworksBuildPhase;
			buildActionMask = 2147483647;
			files = (
			);
			runOnlyForDeploymentPostprocessing = 0;
		};
		6B001A172BE9B79100ED923D /* Frameworks */ = {
			isa = PBXFrameworksBuildPhase;
			buildActionMask = 2147483647;
			files = (
			);
			runOnlyForDeploymentPostprocessing = 0;
		};
		6B001A212BE9B79100ED923D /* Frameworks */ = {
			isa = PBXFrameworksBuildPhase;
			buildActionMask = 2147483647;
			files = (
			);
			runOnlyForDeploymentPostprocessing = 0;
		};
/* End PBXFrameworksBuildPhase section */

/* Begin PBXGroup section */
		6B0019FB2BE9B79000ED923D = {
			isa = PBXGroup;
			children = (
				6B001A062BE9B79000ED923D /* Milestone 2 */,
				6B001A1D2BE9B79100ED923D /* Milestone 2Tests */,
				6B001A272BE9B79100ED923D /* Milestone 2UITests */,
				6B001A052BE9B79000ED923D /* Products */,
			);
			sourceTree = "<group>";
		};
		6B001A052BE9B79000ED923D /* Products */ = {
			isa = PBXGroup;
			children = (
				6B001A042BE9B79000ED923D /* Milestone 2.app */,
				6B001A1A2BE9B79100ED923D /* Milestone 2Tests.xctest */,
				6B001A242BE9B79100ED923D /* Milestone 2UITests.xctest */,
			);
			name = Products;
			sourceTree = "<group>";
		};
		6B001A062BE9B79000ED923D /* Milestone 2 */ = {
			isa = PBXGroup;
			children = (
				6B001A072BE9B79000ED923D /* AppDelegate.swift */,
				6B001A092BE9B79000ED923D /* SceneDelegate.swift */,
				6B001A0B2BE9B79000ED923D /* ViewController.swift */,
				6B001A0D2BE9B79000ED923D /* Main.storyboard */,
				6B001A102BE9B79100ED923D /* Assets.xcassets */,
				6B001A122BE9B79100ED923D /* LaunchScreen.storyboard */,
				6B001A152BE9B79100ED923D /* Info.plist */,
			);
			path = "Milestone 2";
			sourceTree = "<group>";
		};
		6B001A1D2BE9B79100ED923D /* Milestone 2Tests */ = {
			isa = PBXGroup;
			children = (
				6B001A1E2BE9B79100ED923D /* Milestone_2Tests.swift */,
			);
			path = "Milestone 2Tests";
			sourceTree = "<group>";
		};
		6B001A272BE9B79100ED923D /* Milestone 2UITests */ = {
			isa = PBXGroup;
			children = (
				6B001A282BE9B79100ED923D /* Milestone_2UITests.swift */,
				6B001A2A2BE9B79100ED923D /* Milestone_2UITestsLaunchTests.swift */,
			);
			path = "Milestone 2UITests";
			sourceTree = "<group>";
		};
/* End PBXGroup section */

/* Begin PBXNativeTarget section */
		6B001A032BE9B79000ED923D /* Milestone 2 */ = {
			isa = PBXNativeTarget;
			buildConfigurationList = 6B001A2E2BE9B79100ED923D /* Build configuration list for PBXNativeTarget "Milestone 2" */;
			buildPhases = (
				6B001A002BE9B79000ED923D /* Sources */,
				6B001A012BE9B79000ED923D /* Frameworks */,
				6B001A022BE9B79000ED923D /* Resources */,
			);
			buildRules = (
			);
			dependencies = (
			);
			name = "Milestone 2";
			productName = "Milestone 2";
			productReference = 6B001A042BE9B79000ED923D /* Milestone 2.app */;
			productType = "com.apple.product-type.application";
		};
		6B001A192BE9B79100ED923D /* Milestone 2Tests */ = {
			isa = PBXNativeTarget;
			buildConfigurationList = 6B001A312BE9B79100ED923D /* Build configuration list for PBXNativeTarget "Milestone 2Tests" */;
			buildPhases = (
				6B001A162BE9B79100ED923D /* Sources */,
				6B001A172BE9B79100ED923D /* Frameworks */,
				6B001A182BE9B79100ED923D /* Resources */,
			);
			buildRules = (
			);
			dependencies = (
				6B001A1C2BE9B79100ED923D /* PBXTargetDependency */,
			);
			name = "Milestone 2Tests";
			productName = "Milestone 2Tests";
			productReference = 6B001A1A2BE9B79100ED923D /* Milestone 2Tests.xctest */;
			productType = "com.apple.product-type.bundle.unit-test";
		};
		6B001A232BE9B79100ED923D /* Milestone 2UITests */ = {
			isa = PBXNativeTarget;
			buildConfigurationList = 6B001A342BE9B79100ED923D /* Build configuration list for PBXNativeTarget "Milestone 2UITests" */;
			buildPhases = (
				6B001A202BE9B79100ED923D /* Sources */,
				6B001A212BE9B79100ED923D /* Frameworks */,
				6B001A222BE9B79100ED923D /* Resources */,
			);
			buildRules = (
			);
			dependencies = (
				6B001A262BE9B79100ED923D /* PBXTargetDependency */,
			);
			name = "Milestone 2UITests";
			productName = "Milestone 2UITests";
			productReference = 6B001A242BE9B79100ED923D /* Milestone 2UITests.xctest */;
			productType = "com.apple.product-type.bundle.ui-testing";
		};
/* End PBXNativeTarget section */

/* Begin PBXProject section */
		6B0019FC2BE9B79000ED923D /* Project object */ = {
			isa = PBXProject;
			attributes = {
				BuildIndependentTargetsInParallel = 1;
				LastSwiftUpdateCheck = 1530;
				LastUpgradeCheck = 1530;
				TargetAttributes = {
					6B001A032BE9B79000ED923D = {
						CreatedOnToolsVersion = 15.3;
					};
					6B001A192BE9B79100ED923D = {
						CreatedOnToolsVersion = 15.3;
						TestTargetID = 6B001A032BE9B79000ED923D;
					};
					6B001A232BE9B79100ED923D = {
						CreatedOnToolsVersion = 15.3;
						TestTargetID = 6B001A032BE9B79000ED923D;
					};
				};
			};
			buildConfigurationList = 6B0019FF2BE9B79000ED923D /* Build configuration list for PBXProject "Milestone 2" */;
			compatibilityVersion = "Xcode 14.0";
			developmentRegion = en;
			hasScannedForEncodings = 0;
			knownRegions = (
				en,
				Base,
			);
			mainGroup = 6B0019FB2BE9B79000ED923D;
			productRefGroup = 6B001A052BE9B79000ED923D /* Products */;
			projectDirPath = "";
			projectRoot = "";
			targets = (
				6B001A032BE9B79000ED923D /* Milestone 2 */,
				6B001A192BE9B79100ED923D /* Milestone 2Tests */,
				6B001A232BE9B79100ED923D /* Milestone 2UITests */,
			);
		};
/* End PBXProject section */

/* Begin PBXResourcesBuildPhase section */
		6B001A022BE9B79000ED923D /* Resources */ = {
			isa = PBXResourcesBuildPhase;
			buildActionMask = 2147483647;
			files = (
				6B001A112BE9B79100ED923D /* Assets.xcassets in Resources */,
				6B001A142BE9B79100ED923D /* Base in Resources */,
				6B001A0F2BE9B79000ED923D /* Base in Resources */,
			);
			runOnlyForDeploymentPostprocessing = 0;
		};
		6B001A182BE9B79100ED923D /* Resources */ = {
			isa = PBXResourcesBuildPhase;
			buildActionMask = 2147483647;
			files = (
			);
			runOnlyForDeploymentPostprocessing = 0;
		};
		6B001A222BE9B79100ED923D /* Resources */ = {
			isa = PBXResourcesBuildPhase;
			buildActionMask = 2147483647;
			files = (
			);
			runOnlyForDeploymentPostprocessing = 0;
		};
/* End PBXResourcesBuildPhase section */

/* Begin PBXSourcesBuildPhase section */
		6B001A002BE9B79000ED923D /* Sources */ = {
			isa = PBXSourcesBuildPhase;
			buildActionMask = 2147483647;
			files = (
				6B001A0C2BE9B79000ED923D /* ViewController.swift in Sources */,
				6B001A082BE9B79000ED923D /* AppDelegate.swift in Sources */,
				6B001A0A2BE9B79000ED923D /* SceneDelegate.swift in Sources */,
			);
			runOnlyForDeploymentPostprocessing = 0;
		};
		6B001A162BE9B79100ED923D /* Sources */ = {
			isa = PBXSourcesBuildPhase;
			buildActionMask = 2147483647;
			files = (
				6B001A1F2BE9B79100ED923D /* Milestone_2Tests.swift in Sources */,
			);
			runOnlyForDeploymentPostprocessing = 0;
		};
		6B001A202BE9B79100ED923D /* Sources */ = {
			isa = PBXSourcesBuildPhase;
			buildActionMask = 2147483647;
			files = (
				6B001A2B2BE9B79100ED923D /* Milestone_2UITestsLaunchTests.swift in Sources */,
				6B001A292BE9B79100ED923D /* Milestone_2UITests.swift in Sources */,
			);
			runOnlyForDeploymentPostprocessing = 0;
		};
/* End PBXSourcesBuildPhase section */

/* Begin PBXTargetDependency section */
		6B001A1C2BE9B79100ED923D /* PBXTargetDependency */ = {
			isa = PBXTargetDependency;
			target = 6B001A032BE9B79000ED923D /* Milestone 2 */;
			targetProxy = 6B001A1B2BE9B79100ED923D /* PBXContainerItemProxy */;
		};
		6B001A262BE9B79100ED923D /* PBXTargetDependency */ = {
			isa = PBXTargetDependency;
			target = 6B001A032BE9B79000ED923D /* Milestone 2 */;
			targetProxy = 6B001A252BE9B79100ED923D /* PBXContainerItemProxy */;
		};
/* End PBXTargetDependency section */

/* Begin PBXVariantGroup section */
		6B001A0D2BE9B79000ED923D /* Main.storyboard */ = {
			isa = PBXVariantGroup;
			children = (
				6B001A0E2BE9B79000ED923D /* Base */,
			);
			name = Main.storyboard;
			sourceTree = "<group>";
		};
		6B001A122BE9B79100ED923D /* LaunchScreen.storyboard */ = {
			isa = PBXVariantGroup;
			children = (
				6B001A132BE9B79100ED923D /* Base */,
			);
			name = LaunchScreen.storyboard;
			sourceTree = "<group>";
		};
/* End PBXVariantGroup section */

/* Begin XCBuildConfiguration section */
		6B001A2C2BE9B79100ED923D /* Debug */ = {
			isa = XCBuildConfiguration;
			buildSettings = {
				ALWAYS_SEARCH_USER_PATHS = NO;
				ASSETCATALOG_COMPILER_GENERATE_SWIFT_ASSET_SYMBOL_EXTENSIONS = YES;
				CLANG_ANALYZER_NONNULL = YES;
				CLANG_ANALYZER_NUMBER_OBJECT_CONVERSION = YES_AGGRESSIVE;
				CLANG_CXX_LANGUAGE_STANDARD = "gnu++20";
				CLANG_ENABLE_MODULES = YES;
				CLANG_ENABLE_OBJC_ARC = YES;
				CLANG_ENABLE_OBJC_WEAK = YES;
				CLANG_WARN_BLOCK_CAPTURE_AUTORELEASING = YES;
				CLANG_WARN_BOOL_CONVERSION = YES;
				CLANG_WARN_COMMA = YES;
				CLANG_WARN_CONSTANT_CONVERSION = YES;
				CLANG_WARN_DEPRECATED_OBJC_IMPLEMENTATIONS = YES;
				CLANG_WARN_DIRECT_OBJC_ISA_USAGE = YES_ERROR;
				CLANG_WARN_DOCUMENTATION_COMMENTS = YES;
				CLANG_WARN_EMPTY_BODY = YES;
				CLANG_WARN_ENUM_CONVERSION = YES;
				CLANG_WARN_INFINITE_RECURSION = YES;
				CLANG_WARN_INT_CONVERSION = YES;
				CLANG_WARN_NON_LITERAL_NULL_CONVERSION = YES;
				CLANG_WARN_OBJC_IMPLICIT_RETAIN_SELF = YES;
				CLANG_WARN_OBJC_LITERAL_CONVERSION = YES;
				CLANG_WARN_OBJC_ROOT_CLASS = YES_ERROR;
				CLANG_WARN_QUOTED_INCLUDE_IN_FRAMEWORK_HEADER = YES;
				CLANG_WARN_RANGE_LOOP_ANALYSIS = YES;
				CLANG_WARN_STRICT_PROTOTYPES = YES;
				CLANG_WARN_SUSPICIOUS_MOVE = YES;
				CLANG_WARN_UNGUARDED_AVAILABILITY = YES_AGGRESSIVE;
				CLANG_WARN_UNREACHABLE_CODE = YES;
				CLANG_WARN__DUPLICATE_METHOD_MATCH = YES;
				COPY_PHASE_STRIP = NO;
				DEBUG_INFORMATION_FORMAT = dwarf;
				ENABLE_STRICT_OBJC_MSGSEND = YES;
				ENABLE_TESTABILITY = YES;
				ENABLE_USER_SCRIPT_SANDBOXING = YES;
				GCC_C_LANGUAGE_STANDARD = gnu17;
				GCC_DYNAMIC_NO_PIC = NO;
				GCC_NO_COMMON_BLOCKS = YES;
				GCC_OPTIMIZATION_LEVEL = 0;
				GCC_PREPROCESSOR_DEFINITIONS = (
					"DEBUG=1",
					"$(inherited)",
				);
				GCC_WARN_64_TO_32_BIT_CONVERSION = YES;
				GCC_WARN_ABOUT_RETURN_TYPE = YES_ERROR;
				GCC_WARN_UNDECLARED_SELECTOR = YES;
				GCC_WARN_UNINITIALIZED_AUTOS = YES_AGGRESSIVE;
				GCC_WARN_UNUSED_FUNCTION = YES;
				GCC_WARN_UNUSED_VARIABLE = YES;
				IPHONEOS_DEPLOYMENT_TARGET = 17.4;
				LOCALIZATION_PREFERS_STRING_CATALOGS = YES;
				MTL_ENABLE_DEBUG_INFO = INCLUDE_SOURCE;
				MTL_FAST_MATH = YES;
				ONLY_ACTIVE_ARCH = YES;
				SDKROOT = iphoneos;
				SWIFT_ACTIVE_COMPILATION_CONDITIONS = "DEBUG $(inherited)";
				SWIFT_OPTIMIZATION_LEVEL = "-Onone";
			};
			name = Debug;
		};
		6B001A2D2BE9B79100ED923D /* Release */ = {
			isa = XCBuildConfiguration;
			buildSettings = {
				ALWAYS_SEARCH_USER_PATHS = NO;
				ASSETCATALOG_COMPILER_GENERATE_SWIFT_ASSET_SYMBOL_EXTENSIONS = YES;
				CLANG_ANALYZER_NONNULL = YES;
				CLANG_ANALYZER_NUMBER_OBJECT_CONVERSION = YES_AGGRESSIVE;
				CLANG_CXX_LANGUAGE_STANDARD = "gnu++20";
				CLANG_ENABLE_MODULES = YES;
				CLANG_ENABLE_OBJC_ARC = YES;
				CLANG_ENABLE_OBJC_WEAK = YES;
				CLANG_WARN_BLOCK_CAPTURE_AUTORELEASING = YES;
				CLANG_WARN_BOOL_CONVERSION = YES;
				CLANG_WARN_COMMA = YES;
				CLANG_WARN_CONSTANT_CONVERSION = YES;
				CLANG_WARN_DEPRECATED_OBJC_IMPLEMENTATIONS = YES;
				CLANG_WARN_DIRECT_OBJC_ISA_USAGE = YES_ERROR;
				CLANG_WARN_DOCUMENTATION_COMMENTS = YES;
				CLANG_WARN_EMPTY_BODY = YES;
				CLANG_WARN_ENUM_CONVERSION = YES;
				CLANG_WARN_INFINITE_RECURSION = YES;
				CLANG_WARN_INT_CONVERSION = YES;
				CLANG_WARN_NON_LITERAL_NULL_CONVERSION = YES;
				CLANG_WARN_OBJC_IMPLICIT_RETAIN_SELF = YES;
				CLANG_WARN_OBJC_LITERAL_CONVERSION = YES;
				CLANG_WARN_OBJC_ROOT_CLASS = YES_ERROR;
				CLANG_WARN_QUOTED_INCLUDE_IN_FRAMEWORK_HEADER = YES;
				CLANG_WARN_RANGE_LOOP_ANALYSIS = YES;
				CLANG_WARN_STRICT_PROTOTYPES = YES;
				CLANG_WARN_SUSPICIOUS_MOVE = YES;
				CLANG_WARN_UNGUARDED_AVAILABILITY = YES_AGGRESSIVE;
				CLANG_WARN_UNREACHABLE_CODE = YES;
				CLANG_WARN__DUPLICATE_METHOD_MATCH = YES;
				COPY_PHASE_STRIP = NO;
				DEBUG_INFORMATION_FORMAT = "dwarf-with-dsym";
				ENABLE_NS_ASSERTIONS = NO;
				ENABLE_STRICT_OBJC_MSGSEND = YES;
				ENABLE_USER_SCRIPT_SANDBOXING = YES;
				GCC_C_LANGUAGE_STANDARD = gnu17;
				GCC_NO_COMMON_BLOCKS = YES;
				GCC_WARN_64_TO_32_BIT_CONVERSION = YES;
				GCC_WARN_ABOUT_RETURN_TYPE = YES_ERROR;
				GCC_WARN_UNDECLARED_SELECTOR = YES;
				GCC_WARN_UNINITIALIZED_AUTOS = YES_AGGRESSIVE;
				GCC_WARN_UNUSED_FUNCTION = YES;
				GCC_WARN_UNUSED_VARIABLE = YES;
				IPHONEOS_DEPLOYMENT_TARGET = 17.4;
				LOCALIZATION_PREFERS_STRING_CATALOGS = YES;
				MTL_ENABLE_DEBUG_INFO = NO;
				MTL_FAST_MATH = YES;
				SDKROOT = iphoneos;
				SWIFT_COMPILATION_MODE = wholemodule;
				VALIDATE_PRODUCT = YES;
			};
			name = Release;
		};
		6B001A2F2BE9B79100ED923D /* Debug */ = {
			isa = XCBuildConfiguration;
			buildSettings = {
				ASSETCATALOG_COMPILER_APPICON_NAME = AppIcon;
				ASSETCATALOG_COMPILER_GLOBAL_ACCENT_COLOR_NAME = AccentColor;
				CODE_SIGN_STYLE = Automatic;
				CURRENT_PROJECT_VERSION = 1;
				DEVELOPMENT_TEAM = LLTXZL34C3;
				GENERATE_INFOPLIST_FILE = YES;
				INFOPLIST_FILE = "Milestone 2/Info.plist";
				INFOPLIST_KEY_UIApplicationSupportsIndirectInputEvents = YES;
				INFOPLIST_KEY_UILaunchStoryboardName = LaunchScreen;
				INFOPLIST_KEY_UIMainStoryboardFile = Main;
				INFOPLIST_KEY_UISupportedInterfaceOrientations_iPad = "UIInterfaceOrientationPortrait UIInterfaceOrientationPortraitUpsideDown UIInterfaceOrientationLandscapeLeft UIInterfaceOrientationLandscapeRight";
				INFOPLIST_KEY_UISupportedInterfaceOrientations_iPhone = "UIInterfaceOrientationPortrait UIInterfaceOrientationLandscapeLeft UIInterfaceOrientationLandscapeRight";
				LD_RUNPATH_SEARCH_PATHS = (
					"$(inherited)",
					"@executable_path/Frameworks",
				);
				MARKETING_VERSION = 1.0;
				PRODUCT_BUNDLE_IDENTIFIER = "com.miaHyun.Milestone-2";
				PRODUCT_NAME = "$(TARGET_NAME)";
				SWIFT_EMIT_LOC_STRINGS = YES;
				SWIFT_VERSION = 5.0;
				TARGETED_DEVICE_FAMILY = "1,2";
			};
			name = Debug;
		};
		6B001A302BE9B79100ED923D /* Release */ = {
			isa = XCBuildConfiguration;
			buildSettings = {
				ASSETCATALOG_COMPILER_APPICON_NAME = AppIcon;
				ASSETCATALOG_COMPILER_GLOBAL_ACCENT_COLOR_NAME = AccentColor;
				CODE_SIGN_STYLE = Automatic;
				CURRENT_PROJECT_VERSION = 1;
				DEVELOPMENT_TEAM = LLTXZL34C3;
				GENERATE_INFOPLIST_FILE = YES;
				INFOPLIST_FILE = "Milestone 2/Info.plist";
				INFOPLIST_KEY_UIApplicationSupportsIndirectInputEvents = YES;
				INFOPLIST_KEY_UILaunchStoryboardName = LaunchScreen;
				INFOPLIST_KEY_UIMainStoryboardFile = Main;
				INFOPLIST_KEY_UISupportedInterfaceOrientations_iPad = "UIInterfaceOrientationPortrait UIInterfaceOrientationPortraitUpsideDown UIInterfaceOrientationLandscapeLeft UIInterfaceOrientationLandscapeRight";
				INFOPLIST_KEY_UISupportedInterfaceOrientations_iPhone = "UIInterfaceOrientationPortrait UIInterfaceOrientationLandscapeLeft UIInterfaceOrientationLandscapeRight";
				LD_RUNPATH_SEARCH_PATHS = (
					"$(inherited)",
					"@executable_path/Frameworks",
				);
				MARKETING_VERSION = 1.0;
				PRODUCT_BUNDLE_IDENTIFIER = "com.miaHyun.Milestone-2";
				PRODUCT_NAME = "$(TARGET_NAME)";
				SWIFT_EMIT_LOC_STRINGS = YES;
				SWIFT_VERSION = 5.0;
				TARGETED_DEVICE_FAMILY = "1,2";
			};
			name = Release;
		};
		6B001A322BE9B79100ED923D /* Debug */ = {
			isa = XCBuildConfiguration;
			buildSettings = {
				ALWAYS_EMBED_SWIFT_STANDARD_LIBRARIES = YES;
				BUNDLE_LOADER = "$(TEST_HOST)";
				CODE_SIGN_STYLE = Automatic;
				CURRENT_PROJECT_VERSION = 1;
				DEVELOPMENT_TEAM = LLTXZL34C3;
				GENERATE_INFOPLIST_FILE = YES;
				IPHONEOS_DEPLOYMENT_TARGET = 17.4;
				MARKETING_VERSION = 1.0;
				PRODUCT_BUNDLE_IDENTIFIER = "com.miaHyun.Milestone-2Tests";
				PRODUCT_NAME = "$(TARGET_NAME)";
				SWIFT_EMIT_LOC_STRINGS = NO;
				SWIFT_VERSION = 5.0;
				TARGETED_DEVICE_FAMILY = "1,2";
				TEST_HOST = "$(BUILT_PRODUCTS_DIR)/Milestone 2.app/$(BUNDLE_EXECUTABLE_FOLDER_PATH)/Milestone 2";
			};
			name = Debug;
		};
		6B001A332BE9B79100ED923D /* Release */ = {
			isa = XCBuildConfiguration;
			buildSettings = {
				ALWAYS_EMBED_SWIFT_STANDARD_LIBRARIES = YES;
				BUNDLE_LOADER = "$(TEST_HOST)";
				CODE_SIGN_STYLE = Automatic;
				CURRENT_PROJECT_VERSION = 1;
				DEVELOPMENT_TEAM = LLTXZL34C3;
				GENERATE_INFOPLIST_FILE = YES;
				IPHONEOS_DEPLOYMENT_TARGET = 17.4;
				MARKETING_VERSION = 1.0;
				PRODUCT_BUNDLE_IDENTIFIER = "com.miaHyun.Milestone-2Tests";
				PRODUCT_NAME = "$(TARGET_NAME)";
				SWIFT_EMIT_LOC_STRINGS = NO;
				SWIFT_VERSION = 5.0;
				TARGETED_DEVICE_FAMILY = "1,2";
				TEST_HOST = "$(BUILT_PRODUCTS_DIR)/Milestone 2.app/$(BUNDLE_EXECUTABLE_FOLDER_PATH)/Milestone 2";
			};
			name = Release;
		};
		6B001A352BE9B79100ED923D /* Debug */ = {
			isa = XCBuildConfiguration;
			buildSettings = {
				ALWAYS_EMBED_SWIFT_STANDARD_LIBRARIES = YES;
				CODE_SIGN_STYLE = Automatic;
				CURRENT_PROJECT_VERSION = 1;
				DEVELOPMENT_TEAM = LLTXZL34C3;
				GENERATE_INFOPLIST_FILE = YES;
				MARKETING_VERSION = 1.0;
				PRODUCT_BUNDLE_IDENTIFIER = "com.miaHyun.Milestone-2UITests";
				PRODUCT_NAME = "$(TARGET_NAME)";
				SWIFT_EMIT_LOC_STRINGS = NO;
				SWIFT_VERSION = 5.0;
				TARGETED_DEVICE_FAMILY = "1,2";
				TEST_TARGET_NAME = "Milestone 2";
			};
			name = Debug;
		};
		6B001A362BE9B79100ED923D /* Release */ = {
			isa = XCBuildConfiguration;
			buildSettings = {
				ALWAYS_EMBED_SWIFT_STANDARD_LIBRARIES = YES;
				CODE_SIGN_STYLE = Automatic;
				CURRENT_PROJECT_VERSION = 1;
				DEVELOPMENT_TEAM = LLTXZL34C3;
				GENERATE_INFOPLIST_FILE = YES;
				MARKETING_VERSION = 1.0;
				PRODUCT_BUNDLE_IDENTIFIER = "com.miaHyun.Milestone-2UITests";
				PRODUCT_NAME = "$(TARGET_NAME)";
				SWIFT_EMIT_LOC_STRINGS = NO;
				SWIFT_VERSION = 5.0;
				TARGETED_DEVICE_FAMILY = "1,2";
				TEST_TARGET_NAME = "Milestone 2";
			};
			name = Release;
		};
/* End XCBuildConfiguration section */

/* Begin XCConfigurationList section */
		6B0019FF2BE9B79000ED923D /* Build configuration list for PBXProject "Milestone 2" */ = {
			isa = XCConfigurationList;
			buildConfigurations = (
				6B001A2C2BE9B79100ED923D /* Debug */,
				6B001A2D2BE9B79100ED923D /* Release */,
			);
			defaultConfigurationIsVisible = 0;
			defaultConfigurationName = Release;
		};
		6B001A2E2BE9B79100ED923D /* Build configuration list for PBXNativeTarget "Milestone 2" */ = {
			isa = XCConfigurationList;
			buildConfigurations = (
				6B001A2F2BE9B79100ED923D /* Debug */,
				6B001A302BE9B79100ED923D /* Release */,
			);
			defaultConfigurationIsVisible = 0;
			defaultConfigurationName = Release;
		};
		6B001A312BE9B79100ED923D /* Build configuration list for PBXNativeTarget "Milestone 2Tests" */ = {
			isa = XCConfigurationList;
			buildConfigurations = (
				6B001A322BE9B79100ED923D /* Debug */,
				6B001A332BE9B79100ED923D /* Release */,
			);
			defaultConfigurationIsVisible = 0;
			defaultConfigurationName = Release;
		};
		6B001A342BE9B79100ED923D /* Build configuration list for PBXNativeTarget "Milestone 2UITests" */ = {
			isa = XCConfigurationList;
			buildConfigurations = (
				6B001A352BE9B79100ED923D /* Debug */,
				6B001A362BE9B79100ED923D /* Release */,
			);
			defaultConfigurationIsVisible = 0;
			defaultConfigurationName = Release;
		};
/* End XCConfigurationList section */
	};
	rootObject = 6B0019FC2BE9B79000ED923D /* Project object */;
}
