// !$*UTF8*$!
{
	archiveVersion = 1;
	classes = {
	};
	objectVersion = 56;
	objects = {

/* Begin PBXBuildFile section */
		6B0DE4E92C0AF08B00CA40C1 /* AppDelegate.swift in Sources */ = {isa = PBXBuildFile; fileRef = 6B0DE4E82C0AF08B00CA40C1 /* AppDelegate.swift */; };
		6B0DE4EB2C0AF08B00CA40C1 /* SceneDelegate.swift in Sources */ = {isa = PBXBuildFile; fileRef = 6B0DE4EA2C0AF08B00CA40C1 /* SceneDelegate.swift */; };
		6B0DE4ED2C0AF08B00CA40C1 /* MasterViewController.swift in Sources */ = {isa = PBXBuildFile; fileRef = 6B0DE4EC2C0AF08B00CA40C1 /* MasterViewController.swift */; };
		6B0DE4EF2C0AF08B00CA40C1 /* DetailViewController.swift in Sources */ = {isa = PBXBuildFile; fileRef = 6B0DE4EE2C0AF08B00CA40C1 /* DetailViewController.swift */; };
		6B0DE4F22C0AF08B00CA40C1 /* Base in Resources */ = {isa = PBXBuildFile; fileRef = 6B0DE4F12C0AF08B00CA40C1 /* Base */; };
		6B0DE4F42C0AF08C00CA40C1 /* Assets.xcassets in Resources */ = {isa = PBXBuildFile; fileRef = 6B0DE4F32C0AF08C00CA40C1 /* Assets.xcassets */; };
		6B0DE4F72C0AF08C00CA40C1 /* Base in Resources */ = {isa = PBXBuildFile; fileRef = 6B0DE4F62C0AF08C00CA40C1 /* Base */; };
		6B0DE5022C0AF08C00CA40C1 /* MVC_PracticeTests.swift in Sources */ = {isa = PBXBuildFile; fileRef = 6B0DE5012C0AF08C00CA40C1 /* MVC_PracticeTests.swift */; };
		6B0DE50C2C0AF08C00CA40C1 /* MVC_PracticeUITests.swift in Sources */ = {isa = PBXBuildFile; fileRef = 6B0DE50B2C0AF08C00CA40C1 /* MVC_PracticeUITests.swift */; };
		6B0DE50E2C0AF08C00CA40C1 /* MVC_PracticeUITestsLaunchTests.swift in Sources */ = {isa = PBXBuildFile; fileRef = 6B0DE50D2C0AF08C00CA40C1 /* MVC_PracticeUITestsLaunchTests.swift */; };
/* End PBXBuildFile section */

/* Begin PBXContainerItemProxy section */
		6B0DE4FE2C0AF08C00CA40C1 /* PBXContainerItemProxy */ = {
			isa = PBXContainerItemProxy;
			containerPortal = 6B0DE4DD2C0AF08B00CA40C1 /* Project object */;
			proxyType = 1;
			remoteGlobalIDString = 6B0DE4E42C0AF08B00CA40C1;
			remoteInfo = "MVC Practice";
		};
		6B0DE5082C0AF08C00CA40C1 /* PBXContainerItemProxy */ = {
			isa = PBXContainerItemProxy;
			containerPortal = 6B0DE4DD2C0AF08B00CA40C1 /* Project object */;
			proxyType = 1;
			remoteGlobalIDString = 6B0DE4E42C0AF08B00CA40C1;
			remoteInfo = "MVC Practice";
		};
/* End PBXContainerItemProxy section */

/* Begin PBXFileReference section */
		6B0DE4E52C0AF08B00CA40C1 /* MVC Practice.app */ = {isa = PBXFileReference; explicitFileType = wrapper.application; includeInIndex = 0; path = "MVC Practice.app"; sourceTree = BUILT_PRODUCTS_DIR; };
		6B0DE4E82C0AF08B00CA40C1 /* AppDelegate.swift */ = {isa = PBXFileReference; lastKnownFileType = sourcecode.swift; path = AppDelegate.swift; sourceTree = "<group>"; };
		6B0DE4EA2C0AF08B00CA40C1 /* SceneDelegate.swift */ = {isa = PBXFileReference; lastKnownFileType = sourcecode.swift; path = SceneDelegate.swift; sourceTree = "<group>"; };
		6B0DE4EC2C0AF08B00CA40C1 /* MasterViewController.swift */ = {isa = PBXFileReference; lastKnownFileType = sourcecode.swift; path = MasterViewController.swift; sourceTree = "<group>"; };
		6B0DE4EE2C0AF08B00CA40C1 /* DetailViewController.swift */ = {isa = PBXFileReference; lastKnownFileType = sourcecode.swift; path = DetailViewController.swift; sourceTree = "<group>"; };
		6B0DE4F12C0AF08B00CA40C1 /* Base */ = {isa = PBXFileReference; lastKnownFileType = file.storyboard; name = Base; path = Base.lproj/Main.storyboard; sourceTree = "<group>"; };
		6B0DE4F32C0AF08C00CA40C1 /* Assets.xcassets */ = {isa = PBXFileReference; lastKnownFileType = folder.assetcatalog; path = Assets.xcassets; sourceTree = "<group>"; };
		6B0DE4F62C0AF08C00CA40C1 /* Base */ = {isa = PBXFileReference; lastKnownFileType = file.storyboard; name = Base; path = Base.lproj/LaunchScreen.storyboard; sourceTree = "<group>"; };
		6B0DE4F82C0AF08C00CA40C1 /* Info.plist */ = {isa = PBXFileReference; lastKnownFileType = text.plist.xml; path = Info.plist; sourceTree = "<group>"; };
		6B0DE4FD2C0AF08C00CA40C1 /* MVC PracticeTests.xctest */ = {isa = PBXFileReference; explicitFileType = wrapper.cfbundle; includeInIndex = 0; path = "MVC PracticeTests.xctest"; sourceTree = BUILT_PRODUCTS_DIR; };
		6B0DE5012C0AF08C00CA40C1 /* MVC_PracticeTests.swift */ = {isa = PBXFileReference; lastKnownFileType = sourcecode.swift; path = MVC_PracticeTests.swift; sourceTree = "<group>"; };
		6B0DE5072C0AF08C00CA40C1 /* MVC PracticeUITests.xctest */ = {isa = PBXFileReference; explicitFileType = wrapper.cfbundle; includeInIndex = 0; path = "MVC PracticeUITests.xctest"; sourceTree = BUILT_PRODUCTS_DIR; };
		6B0DE50B2C0AF08C00CA40C1 /* MVC_PracticeUITests.swift */ = {isa = PBXFileReference; lastKnownFileType = sourcecode.swift; path = MVC_PracticeUITests.swift; sourceTree = "<group>"; };
		6B0DE50D2C0AF08C00CA40C1 /* MVC_PracticeUITestsLaunchTests.swift */ = {isa = PBXFileReference; lastKnownFileType = sourcecode.swift; path = MVC_PracticeUITestsLaunchTests.swift; sourceTree = "<group>"; };
/* End PBXFileReference section */

/* Begin PBXFrameworksBuildPhase section */
		6B0DE4E22C0AF08B00CA40C1 /* Frameworks */ = {
			isa = PBXFrameworksBuildPhase;
			buildActionMask = 2147483647;
			files = (
			);
			runOnlyForDeploymentPostprocessing = 0;
		};
		6B0DE4FA2C0AF08C00CA40C1 /* Frameworks */ = {
			isa = PBXFrameworksBuildPhase;
			buildActionMask = 2147483647;
			files = (
			);
			runOnlyForDeploymentPostprocessing = 0;
		};
		6B0DE5042C0AF08C00CA40C1 /* Frameworks */ = {
			isa = PBXFrameworksBuildPhase;
			buildActionMask = 2147483647;
			files = (
			);
			runOnlyForDeploymentPostprocessing = 0;
		};
/* End PBXFrameworksBuildPhase section */

/* Begin PBXGroup section */
		6B0DE4DC2C0AF08B00CA40C1 = {
			isa = PBXGroup;
			children = (
				6B0DE4E72C0AF08B00CA40C1 /* MVC Practice */,
				6B0DE5002C0AF08C00CA40C1 /* MVC PracticeTests */,
				6B0DE50A2C0AF08C00CA40C1 /* MVC PracticeUITests */,
				6B0DE4E62C0AF08B00CA40C1 /* Products */,
			);
			sourceTree = "<group>";
		};
		6B0DE4E62C0AF08B00CA40C1 /* Products */ = {
			isa = PBXGroup;
			children = (
				6B0DE4E52C0AF08B00CA40C1 /* MVC Practice.app */,
				6B0DE4FD2C0AF08C00CA40C1 /* MVC PracticeTests.xctest */,
				6B0DE5072C0AF08C00CA40C1 /* MVC PracticeUITests.xctest */,
			);
			name = Products;
			sourceTree = "<group>";
		};
		6B0DE4E72C0AF08B00CA40C1 /* MVC Practice */ = {
			isa = PBXGroup;
			children = (
				6B0DE4E82C0AF08B00CA40C1 /* AppDelegate.swift */,
				6B0DE4EA2C0AF08B00CA40C1 /* SceneDelegate.swift */,
				6B0DE4EC2C0AF08B00CA40C1 /* MasterViewController.swift */,
				6B0DE4EE2C0AF08B00CA40C1 /* DetailViewController.swift */,
				6B0DE4F02C0AF08B00CA40C1 /* Main.storyboard */,
				6B0DE4F32C0AF08C00CA40C1 /* Assets.xcassets */,
				6B0DE4F52C0AF08C00CA40C1 /* LaunchScreen.storyboard */,
				6B0DE4F82C0AF08C00CA40C1 /* Info.plist */,
			);
			path = "MVC Practice";
			sourceTree = "<group>";
		};
		6B0DE5002C0AF08C00CA40C1 /* MVC PracticeTests */ = {
			isa = PBXGroup;
			children = (
				6B0DE5012C0AF08C00CA40C1 /* MVC_PracticeTests.swift */,
			);
			path = "MVC PracticeTests";
			sourceTree = "<group>";
		};
		6B0DE50A2C0AF08C00CA40C1 /* MVC PracticeUITests */ = {
			isa = PBXGroup;
			children = (
				6B0DE50B2C0AF08C00CA40C1 /* MVC_PracticeUITests.swift */,
				6B0DE50D2C0AF08C00CA40C1 /* MVC_PracticeUITestsLaunchTests.swift */,
			);
			path = "MVC PracticeUITests";
			sourceTree = "<group>";
		};
/* End PBXGroup section */

/* Begin PBXNativeTarget section */
		6B0DE4E42C0AF08B00CA40C1 /* MVC Practice */ = {
			isa = PBXNativeTarget;
			buildConfigurationList = 6B0DE5112C0AF08C00CA40C1 /* Build configuration list for PBXNativeTarget "MVC Practice" */;
			buildPhases = (
				6B0DE4E12C0AF08B00CA40C1 /* Sources */,
				6B0DE4E22C0AF08B00CA40C1 /* Frameworks */,
				6B0DE4E32C0AF08B00CA40C1 /* Resources */,
			);
			buildRules = (
			);
			dependencies = (
			);
			name = "MVC Practice";
			productName = "MVC Practice";
			productReference = 6B0DE4E52C0AF08B00CA40C1 /* MVC Practice.app */;
			productType = "com.apple.product-type.application";
		};
		6B0DE4FC2C0AF08C00CA40C1 /* MVC PracticeTests */ = {
			isa = PBXNativeTarget;
			buildConfigurationList = 6B0DE5142C0AF08C00CA40C1 /* Build configuration list for PBXNativeTarget "MVC PracticeTests" */;
			buildPhases = (
				6B0DE4F92C0AF08C00CA40C1 /* Sources */,
				6B0DE4FA2C0AF08C00CA40C1 /* Frameworks */,
				6B0DE4FB2C0AF08C00CA40C1 /* Resources */,
			);
			buildRules = (
			);
			dependencies = (
				6B0DE4FF2C0AF08C00CA40C1 /* PBXTargetDependency */,
			);
			name = "MVC PracticeTests";
			productName = "MVC PracticeTests";
			productReference = 6B0DE4FD2C0AF08C00CA40C1 /* MVC PracticeTests.xctest */;
			productType = "com.apple.product-type.bundle.unit-test";
		};
		6B0DE5062C0AF08C00CA40C1 /* MVC PracticeUITests */ = {
			isa = PBXNativeTarget;
			buildConfigurationList = 6B0DE5172C0AF08C00CA40C1 /* Build configuration list for PBXNativeTarget "MVC PracticeUITests" */;
			buildPhases = (
				6B0DE5032C0AF08C00CA40C1 /* Sources */,
				6B0DE5042C0AF08C00CA40C1 /* Frameworks */,
				6B0DE5052C0AF08C00CA40C1 /* Resources */,
			);
			buildRules = (
			);
			dependencies = (
				6B0DE5092C0AF08C00CA40C1 /* PBXTargetDependency */,
			);
			name = "MVC PracticeUITests";
			productName = "MVC PracticeUITests";
			productReference = 6B0DE5072C0AF08C00CA40C1 /* MVC PracticeUITests.xctest */;
			productType = "com.apple.product-type.bundle.ui-testing";
		};
/* End PBXNativeTarget section */

/* Begin PBXProject section */
		6B0DE4DD2C0AF08B00CA40C1 /* Project object */ = {
			isa = PBXProject;
			attributes = {
				BuildIndependentTargetsInParallel = 1;
				LastSwiftUpdateCheck = 1540;
				LastUpgradeCheck = 1540;
				TargetAttributes = {
					6B0DE4E42C0AF08B00CA40C1 = {
						CreatedOnToolsVersion = 15.4;
					};
					6B0DE4FC2C0AF08C00CA40C1 = {
						CreatedOnToolsVersion = 15.4;
						TestTargetID = 6B0DE4E42C0AF08B00CA40C1;
					};
					6B0DE5062C0AF08C00CA40C1 = {
						CreatedOnToolsVersion = 15.4;
						TestTargetID = 6B0DE4E42C0AF08B00CA40C1;
					};
				};
			};
			buildConfigurationList = 6B0DE4E02C0AF08B00CA40C1 /* Build configuration list for PBXProject "MVC Practice" */;
			compatibilityVersion = "Xcode 14.0";
			developmentRegion = en;
			hasScannedForEncodings = 0;
			knownRegions = (
				en,
				Base,
			);
			mainGroup = 6B0DE4DC2C0AF08B00CA40C1;
			productRefGroup = 6B0DE4E62C0AF08B00CA40C1 /* Products */;
			projectDirPath = "";
			projectRoot = "";
			targets = (
				6B0DE4E42C0AF08B00CA40C1 /* MVC Practice */,
				6B0DE4FC2C0AF08C00CA40C1 /* MVC PracticeTests */,
				6B0DE5062C0AF08C00CA40C1 /* MVC PracticeUITests */,
			);
		};
/* End PBXProject section */

/* Begin PBXResourcesBuildPhase section */
		6B0DE4E32C0AF08B00CA40C1 /* Resources */ = {
			isa = PBXResourcesBuildPhase;
			buildActionMask = 2147483647;
			files = (
				6B0DE4F42C0AF08C00CA40C1 /* Assets.xcassets in Resources */,
				6B0DE4F72C0AF08C00CA40C1 /* Base in Resources */,
				6B0DE4F22C0AF08B00CA40C1 /* Base in Resources */,
			);
			runOnlyForDeploymentPostprocessing = 0;
		};
		6B0DE4FB2C0AF08C00CA40C1 /* Resources */ = {
			isa = PBXResourcesBuildPhase;
			buildActionMask = 2147483647;
			files = (
			);
			runOnlyForDeploymentPostprocessing = 0;
		};
		6B0DE5052C0AF08C00CA40C1 /* Resources */ = {
			isa = PBXResourcesBuildPhase;
			buildActionMask = 2147483647;
			files = (
			);
			runOnlyForDeploymentPostprocessing = 0;
		};
/* End PBXResourcesBuildPhase section */

/* Begin PBXSourcesBuildPhase section */
		6B0DE4E12C0AF08B00CA40C1 /* Sources */ = {
			isa = PBXSourcesBuildPhase;
			buildActionMask = 2147483647;
			files = (
				6B0DE4E92C0AF08B00CA40C1 /* AppDelegate.swift in Sources */,
				6B0DE4EB2C0AF08B00CA40C1 /* SceneDelegate.swift in Sources */,
				6B0DE4ED2C0AF08B00CA40C1 /* MasterViewController.swift in Sources */,
				6B0DE4EF2C0AF08B00CA40C1 /* DetailViewController.swift in Sources */,
			);
			runOnlyForDeploymentPostprocessing = 0;
		};
		6B0DE4F92C0AF08C00CA40C1 /* Sources */ = {
			isa = PBXSourcesBuildPhase;
			buildActionMask = 2147483647;
			files = (
				6B0DE5022C0AF08C00CA40C1 /* MVC_PracticeTests.swift in Sources */,
			);
			runOnlyForDeploymentPostprocessing = 0;
		};
		6B0DE5032C0AF08C00CA40C1 /* Sources */ = {
			isa = PBXSourcesBuildPhase;
			buildActionMask = 2147483647;
			files = (
				6B0DE50E2C0AF08C00CA40C1 /* MVC_PracticeUITestsLaunchTests.swift in Sources */,
				6B0DE50C2C0AF08C00CA40C1 /* MVC_PracticeUITests.swift in Sources */,
			);
			runOnlyForDeploymentPostprocessing = 0;
		};
/* End PBXSourcesBuildPhase section */

/* Begin PBXTargetDependency section */
		6B0DE4FF2C0AF08C00CA40C1 /* PBXTargetDependency */ = {
			isa = PBXTargetDependency;
			target = 6B0DE4E42C0AF08B00CA40C1 /* MVC Practice */;
			targetProxy = 6B0DE4FE2C0AF08C00CA40C1 /* PBXContainerItemProxy */;
		};
		6B0DE5092C0AF08C00CA40C1 /* PBXTargetDependency */ = {
			isa = PBXTargetDependency;
			target = 6B0DE4E42C0AF08B00CA40C1 /* MVC Practice */;
			targetProxy = 6B0DE5082C0AF08C00CA40C1 /* PBXContainerItemProxy */;
		};
/* End PBXTargetDependency section */

/* Begin PBXVariantGroup section */
		6B0DE4F02C0AF08B00CA40C1 /* Main.storyboard */ = {
			isa = PBXVariantGroup;
			children = (
				6B0DE4F12C0AF08B00CA40C1 /* Base */,
			);
			name = Main.storyboard;
			sourceTree = "<group>";
		};
		6B0DE4F52C0AF08C00CA40C1 /* LaunchScreen.storyboard */ = {
			isa = PBXVariantGroup;
			children = (
				6B0DE4F62C0AF08C00CA40C1 /* Base */,
			);
			name = LaunchScreen.storyboard;
			sourceTree = "<group>";
		};
/* End PBXVariantGroup section */

/* Begin XCBuildConfiguration section */
		6B0DE50F2C0AF08C00CA40C1 /* Debug */ = {
			isa = XCBuildConfiguration;
			buildSettings = {
				ALWAYS_SEARCH_USER_PATHS = NO;
				ASSETCATALOG_COMPILER_GENERATE_SWIFT_ASSET_SYMBOL_EXTENSIONS = YES;
				CLANG_ANALYZER_NONNULL = YES;
				CLANG_ANALYZER_NUMBER_OBJECT_CONVERSION = YES_AGGRESSIVE;
				CLANG_CXX_LANGUAGE_STANDARD = "gnu++20";
				CLANG_ENABLE_MODULES = YES;
				CLANG_ENABLE_OBJC_ARC = YES;
				CLANG_ENABLE_OBJC_WEAK = YES;
				CLANG_WARN_BLOCK_CAPTURE_AUTORELEASING = YES;
				CLANG_WARN_BOOL_CONVERSION = YES;
				CLANG_WARN_COMMA = YES;
				CLANG_WARN_CONSTANT_CONVERSION = YES;
				CLANG_WARN_DEPRECATED_OBJC_IMPLEMENTATIONS = YES;
				CLANG_WARN_DIRECT_OBJC_ISA_USAGE = YES_ERROR;
				CLANG_WARN_DOCUMENTATION_COMMENTS = YES;
				CLANG_WARN_EMPTY_BODY = YES;
				CLANG_WARN_ENUM_CONVERSION = YES;
				CLANG_WARN_INFINITE_RECURSION = YES;
				CLANG_WARN_INT_CONVERSION = YES;
				CLANG_WARN_NON_LITERAL_NULL_CONVERSION = YES;
				CLANG_WARN_OBJC_IMPLICIT_RETAIN_SELF = YES;
				CLANG_WARN_OBJC_LITERAL_CONVERSION = YES;
				CLANG_WARN_OBJC_ROOT_CLASS = YES_ERROR;
				CLANG_WARN_QUOTED_INCLUDE_IN_FRAMEWORK_HEADER = YES;
				CLANG_WARN_RANGE_LOOP_ANALYSIS = YES;
				CLANG_WARN_STRICT_PROTOTYPES = YES;
				CLANG_WARN_SUSPICIOUS_MOVE = YES;
				CLANG_WARN_UNGUARDED_AVAILABILITY = YES_AGGRESSIVE;
				CLANG_WARN_UNREACHABLE_CODE = YES;
				CLANG_WARN__DUPLICATE_METHOD_MATCH = YES;
				COPY_PHASE_STRIP = NO;
				DEBUG_INFORMATION_FORMAT = dwarf;
				ENABLE_STRICT_OBJC_MSGSEND = YES;
				ENABLE_TESTABILITY = YES;
				ENABLE_USER_SCRIPT_SANDBOXING = YES;
				GCC_C_LANGUAGE_STANDARD = gnu17;
				GCC_DYNAMIC_NO_PIC = NO;
				GCC_NO_COMMON_BLOCKS = YES;
				GCC_OPTIMIZATION_LEVEL = 0;
				GCC_PREPROCESSOR_DEFINITIONS = (
					"DEBUG=1",
					"$(inherited)",
				);
				GCC_WARN_64_TO_32_BIT_CONVERSION = YES;
				GCC_WARN_ABOUT_RETURN_TYPE = YES_ERROR;
				GCC_WARN_UNDECLARED_SELECTOR = YES;
				GCC_WARN_UNINITIALIZED_AUTOS = YES_AGGRESSIVE;
				GCC_WARN_UNUSED_FUNCTION = YES;
				GCC_WARN_UNUSED_VARIABLE = YES;
				IPHONEOS_DEPLOYMENT_TARGET = 17.5;
				LOCALIZATION_PREFERS_STRING_CATALOGS = YES;
				MTL_ENABLE_DEBUG_INFO = INCLUDE_SOURCE;
				MTL_FAST_MATH = YES;
				ONLY_ACTIVE_ARCH = YES;
				SDKROOT = iphoneos;
				SWIFT_ACTIVE_COMPILATION_CONDITIONS = "DEBUG $(inherited)";
				SWIFT_OPTIMIZATION_LEVEL = "-Onone";
			};
			name = Debug;
		};
		6B0DE5102C0AF08C00CA40C1 /* Release */ = {
			isa = XCBuildConfiguration;
			buildSettings = {
				ALWAYS_SEARCH_USER_PATHS = NO;
				ASSETCATALOG_COMPILER_GENERATE_SWIFT_ASSET_SYMBOL_EXTENSIONS = YES;
				CLANG_ANALYZER_NONNULL = YES;
				CLANG_ANALYZER_NUMBER_OBJECT_CONVERSION = YES_AGGRESSIVE;
				CLANG_CXX_LANGUAGE_STANDARD = "gnu++20";
				CLANG_ENABLE_MODULES = YES;
				CLANG_ENABLE_OBJC_ARC = YES;
				CLANG_ENABLE_OBJC_WEAK = YES;
				CLANG_WARN_BLOCK_CAPTURE_AUTORELEASING = YES;
				CLANG_WARN_BOOL_CONVERSION = YES;
				CLANG_WARN_COMMA = YES;
				CLANG_WARN_CONSTANT_CONVERSION = YES;
				CLANG_WARN_DEPRECATED_OBJC_IMPLEMENTATIONS = YES;
				CLANG_WARN_DIRECT_OBJC_ISA_USAGE = YES_ERROR;
				CLANG_WARN_DOCUMENTATION_COMMENTS = YES;
				CLANG_WARN_EMPTY_BODY = YES;
				CLANG_WARN_ENUM_CONVERSION = YES;
				CLANG_WARN_INFINITE_RECURSION = YES;
				CLANG_WARN_INT_CONVERSION = YES;
				CLANG_WARN_NON_LITERAL_NULL_CONVERSION = YES;
				CLANG_WARN_OBJC_IMPLICIT_RETAIN_SELF = YES;
				CLANG_WARN_OBJC_LITERAL_CONVERSION = YES;
				CLANG_WARN_OBJC_ROOT_CLASS = YES_ERROR;
				CLANG_WARN_QUOTED_INCLUDE_IN_FRAMEWORK_HEADER = YES;
				CLANG_WARN_RANGE_LOOP_ANALYSIS = YES;
				CLANG_WARN_STRICT_PROTOTYPES = YES;
				CLANG_WARN_SUSPICIOUS_MOVE = YES;
				CLANG_WARN_UNGUARDED_AVAILABILITY = YES_AGGRESSIVE;
				CLANG_WARN_UNREACHABLE_CODE = YES;
				CLANG_WARN__DUPLICATE_METHOD_MATCH = YES;
				COPY_PHASE_STRIP = NO;
				DEBUG_INFORMATION_FORMAT = "dwarf-with-dsym";
				ENABLE_NS_ASSERTIONS = NO;
				ENABLE_STRICT_OBJC_MSGSEND = YES;
				ENABLE_USER_SCRIPT_SANDBOXING = YES;
				GCC_C_LANGUAGE_STANDARD = gnu17;
				GCC_NO_COMMON_BLOCKS = YES;
				GCC_WARN_64_TO_32_BIT_CONVERSION = YES;
				GCC_WARN_ABOUT_RETURN_TYPE = YES_ERROR;
				GCC_WARN_UNDECLARED_SELECTOR = YES;
				GCC_WARN_UNINITIALIZED_AUTOS = YES_AGGRESSIVE;
				GCC_WARN_UNUSED_FUNCTION = YES;
				GCC_WARN_UNUSED_VARIABLE = YES;
				IPHONEOS_DEPLOYMENT_TARGET = 17.5;
				LOCALIZATION_PREFERS_STRING_CATALOGS = YES;
				MTL_ENABLE_DEBUG_INFO = NO;
				MTL_FAST_MATH = YES;
				SDKROOT = iphoneos;
				SWIFT_COMPILATION_MODE = wholemodule;
				VALIDATE_PRODUCT = YES;
			};
			name = Release;
		};
		6B0DE5122C0AF08C00CA40C1 /* Debug */ = {
			isa = XCBuildConfiguration;
			buildSettings = {
				ASSETCATALOG_COMPILER_APPICON_NAME = AppIcon;
				ASSETCATALOG_COMPILER_GLOBAL_ACCENT_COLOR_NAME = AccentColor;
				CODE_SIGN_STYLE = Automatic;
				CURRENT_PROJECT_VERSION = 1;
				DEVELOPMENT_TEAM = LLTXZL34C3;
				GENERATE_INFOPLIST_FILE = YES;
				INFOPLIST_FILE = "MVC Practice/Info.plist";
				INFOPLIST_KEY_UIApplicationSupportsIndirectInputEvents = YES;
				INFOPLIST_KEY_UILaunchStoryboardName = LaunchScreen;
				INFOPLIST_KEY_UISupportedInterfaceOrientations_iPad = "UIInterfaceOrientationPortrait UIInterfaceOrientationPortraitUpsideDown UIInterfaceOrientationLandscapeLeft UIInterfaceOrientationLandscapeRight";
				INFOPLIST_KEY_UISupportedInterfaceOrientations_iPhone = "UIInterfaceOrientationPortrait UIInterfaceOrientationLandscapeLeft UIInterfaceOrientationLandscapeRight";
				LD_RUNPATH_SEARCH_PATHS = (
					"$(inherited)",
					"@executable_path/Frameworks",
				);
				MARKETING_VERSION = 1.0;
				PRODUCT_BUNDLE_IDENTIFIER = "com.MiaHyun.MVC-Practice";
				PRODUCT_NAME = "$(TARGET_NAME)";
				SWIFT_EMIT_LOC_STRINGS = YES;
				SWIFT_VERSION = 5.0;
				TARGETED_DEVICE_FAMILY = "1,2";
			};
			name = Debug;
		};
		6B0DE5132C0AF08C00CA40C1 /* Release */ = {
			isa = XCBuildConfiguration;
			buildSettings = {
				ASSETCATALOG_COMPILER_APPICON_NAME = AppIcon;
				ASSETCATALOG_COMPILER_GLOBAL_ACCENT_COLOR_NAME = AccentColor;
				CODE_SIGN_STYLE = Automatic;
				CURRENT_PROJECT_VERSION = 1;
				DEVELOPMENT_TEAM = LLTXZL34C3;
				GENERATE_INFOPLIST_FILE = YES;
				INFOPLIST_FILE = "MVC Practice/Info.plist";
				INFOPLIST_KEY_UIApplicationSupportsIndirectInputEvents = YES;
				INFOPLIST_KEY_UILaunchStoryboardName = LaunchScreen;
				INFOPLIST_KEY_UISupportedInterfaceOrientations_iPad = "UIInterfaceOrientationPortrait UIInterfaceOrientationPortraitUpsideDown UIInterfaceOrientationLandscapeLeft UIInterfaceOrientationLandscapeRight";
				INFOPLIST_KEY_UISupportedInterfaceOrientations_iPhone = "UIInterfaceOrientationPortrait UIInterfaceOrientationLandscapeLeft UIInterfaceOrientationLandscapeRight";
				LD_RUNPATH_SEARCH_PATHS = (
					"$(inherited)",
					"@executable_path/Frameworks",
				);
				MARKETING_VERSION = 1.0;
				PRODUCT_BUNDLE_IDENTIFIER = "com.MiaHyun.MVC-Practice";
				PRODUCT_NAME = "$(TARGET_NAME)";
				SWIFT_EMIT_LOC_STRINGS = YES;
				SWIFT_VERSION = 5.0;
				TARGETED_DEVICE_FAMILY = "1,2";
			};
			name = Release;
		};
		6B0DE5152C0AF08C00CA40C1 /* Debug */ = {
			isa = XCBuildConfiguration;
			buildSettings = {
				ALWAYS_EMBED_SWIFT_STANDARD_LIBRARIES = YES;
				BUNDLE_LOADER = "$(TEST_HOST)";
				CODE_SIGN_STYLE = Automatic;
				CURRENT_PROJECT_VERSION = 1;
				DEVELOPMENT_TEAM = LLTXZL34C3;
				GENERATE_INFOPLIST_FILE = YES;
				IPHONEOS_DEPLOYMENT_TARGET = 17.5;
				MARKETING_VERSION = 1.0;
				PRODUCT_BUNDLE_IDENTIFIER = "com.MiaHyun.MVC-PracticeTests";
				PRODUCT_NAME = "$(TARGET_NAME)";
				SWIFT_EMIT_LOC_STRINGS = NO;
				SWIFT_VERSION = 5.0;
				TARGETED_DEVICE_FAMILY = "1,2";
				TEST_HOST = "$(BUILT_PRODUCTS_DIR)/MVC Practice.app/$(BUNDLE_EXECUTABLE_FOLDER_PATH)/MVC Practice";
			};
			name = Debug;
		};
		6B0DE5162C0AF08C00CA40C1 /* Release */ = {
			isa = XCBuildConfiguration;
			buildSettings = {
				ALWAYS_EMBED_SWIFT_STANDARD_LIBRARIES = YES;
				BUNDLE_LOADER = "$(TEST_HOST)";
				CODE_SIGN_STYLE = Automatic;
				CURRENT_PROJECT_VERSION = 1;
				DEVELOPMENT_TEAM = LLTXZL34C3;
				GENERATE_INFOPLIST_FILE = YES;
				IPHONEOS_DEPLOYMENT_TARGET = 17.5;
				MARKETING_VERSION = 1.0;
				PRODUCT_BUNDLE_IDENTIFIER = "com.MiaHyun.MVC-PracticeTests";
				PRODUCT_NAME = "$(TARGET_NAME)";
				SWIFT_EMIT_LOC_STRINGS = NO;
				SWIFT_VERSION = 5.0;
				TARGETED_DEVICE_FAMILY = "1,2";
				TEST_HOST = "$(BUILT_PRODUCTS_DIR)/MVC Practice.app/$(BUNDLE_EXECUTABLE_FOLDER_PATH)/MVC Practice";
			};
			name = Release;
		};
		6B0DE5182C0AF08C00CA40C1 /* Debug */ = {
			isa = XCBuildConfiguration;
			buildSettings = {
				ALWAYS_EMBED_SWIFT_STANDARD_LIBRARIES = YES;
				CODE_SIGN_STYLE = Automatic;
				CURRENT_PROJECT_VERSION = 1;
				DEVELOPMENT_TEAM = LLTXZL34C3;
				GENERATE_INFOPLIST_FILE = YES;
				MARKETING_VERSION = 1.0;
				PRODUCT_BUNDLE_IDENTIFIER = "com.MiaHyun.MVC-PracticeUITests";
				PRODUCT_NAME = "$(TARGET_NAME)";
				SWIFT_EMIT_LOC_STRINGS = NO;
				SWIFT_VERSION = 5.0;
				TARGETED_DEVICE_FAMILY = "1,2";
				TEST_TARGET_NAME = "MVC Practice";
			};
			name = Debug;
		};
		6B0DE5192C0AF08C00CA40C1 /* Release */ = {
			isa = XCBuildConfiguration;
			buildSettings = {
				ALWAYS_EMBED_SWIFT_STANDARD_LIBRARIES = YES;
				CODE_SIGN_STYLE = Automatic;
				CURRENT_PROJECT_VERSION = 1;
				DEVELOPMENT_TEAM = LLTXZL34C3;
				GENERATE_INFOPLIST_FILE = YES;
				MARKETING_VERSION = 1.0;
				PRODUCT_BUNDLE_IDENTIFIER = "com.MiaHyun.MVC-PracticeUITests";
				PRODUCT_NAME = "$(TARGET_NAME)";
				SWIFT_EMIT_LOC_STRINGS = NO;
				SWIFT_VERSION = 5.0;
				TARGETED_DEVICE_FAMILY = "1,2";
				TEST_TARGET_NAME = "MVC Practice";
			};
			name = Release;
		};
/* End XCBuildConfiguration section */

/* Begin XCConfigurationList section */
		6B0DE4E02C0AF08B00CA40C1 /* Build configuration list for PBXProject "MVC Practice" */ = {
			isa = XCConfigurationList;
			buildConfigurations = (
				6B0DE50F2C0AF08C00CA40C1 /* Debug */,
				6B0DE5102C0AF08C00CA40C1 /* Release */,
			);
			defaultConfigurationIsVisible = 0;
			defaultConfigurationName = Release;
		};
		6B0DE5112C0AF08C00CA40C1 /* Build configuration list for PBXNativeTarget "MVC Practice" */ = {
			isa = XCConfigurationList;
			buildConfigurations = (
				6B0DE5122C0AF08C00CA40C1 /* Debug */,
				6B0DE5132C0AF08C00CA40C1 /* Release */,
			);
			defaultConfigurationIsVisible = 0;
			defaultConfigurationName = Release;
		};
		6B0DE5142C0AF08C00CA40C1 /* Build configuration list for PBXNativeTarget "MVC PracticeTests" */ = {
			isa = XCConfigurationList;
			buildConfigurations = (
				6B0DE5152C0AF08C00CA40C1 /* Debug */,
				6B0DE5162C0AF08C00CA40C1 /* Release */,
			);
			defaultConfigurationIsVisible = 0;
			defaultConfigurationName = Release;
		};
		6B0DE5172C0AF08C00CA40C1 /* Build configuration list for PBXNativeTarget "MVC PracticeUITests" */ = {
			isa = XCConfigurationList;
			buildConfigurations = (
				6B0DE5182C0AF08C00CA40C1 /* Debug */,
				6B0DE5192C0AF08C00CA40C1 /* Release */,
			);
			defaultConfigurationIsVisible = 0;
			defaultConfigurationName = Release;
		};
/* End XCConfigurationList section */
	};
	rootObject = 6B0DE4DD2C0AF08B00CA40C1 /* Project object */;
}
