// !$*UTF8*$!
{
	archiveVersion = 1;
	classes = {
	};
	objectVersion = 56;
	objects = {

/* Begin PBXBuildFile section */
		6BC320232BDCD82700561911 /* AppDelegate.swift in Sources */ = {isa = PBXBuildFile; fileRef = 6BC320222BDCD82700561911 /* AppDelegate.swift */; };
		6BC320252BDCD82700561911 /* SceneDelegate.swift in Sources */ = {isa = PBXBuildFile; fileRef = 6BC320242BDCD82700561911 /* SceneDelegate.swift */; };
		6BC320272BDCD82700561911 /* ViewController.swift in Sources */ = {isa = PBXBuildFile; fileRef = 6BC320262BDCD82700561911 /* ViewController.swift */; };
		6BC3202A2BDCD82700561911 /* Base in Resources */ = {isa = PBXBuildFile; fileRef = 6BC320292BDCD82700561911 /* Base */; };
		6BC3202C2BDCD82800561911 /* Assets.xcassets in Resources */ = {isa = PBXBuildFile; fileRef = 6BC3202B2BDCD82800561911 /* Assets.xcassets */; };
		6BC3202F2BDCD82800561911 /* Base in Resources */ = {isa = PBXBuildFile; fileRef = 6BC3202E2BDCD82800561911 /* Base */; };
		6BC3203A2BDCD82800561911 /* Milestone_1Tests.swift in Sources */ = {isa = PBXBuildFile; fileRef = 6BC320392BDCD82800561911 /* Milestone_1Tests.swift */; };
		6BC320442BDCD82800561911 /* Milestone_1UITests.swift in Sources */ = {isa = PBXBuildFile; fileRef = 6BC320432BDCD82800561911 /* Milestone_1UITests.swift */; };
		6BC320462BDCD82800561911 /* Milestone_1UITestsLaunchTests.swift in Sources */ = {isa = PBXBuildFile; fileRef = 6BC320452BDCD82800561911 /* Milestone_1UITestsLaunchTests.swift */; };
/* End PBXBuildFile section */

/* Begin PBXContainerItemProxy section */
		6BC320362BDCD82800561911 /* PBXContainerItemProxy */ = {
			isa = PBXContainerItemProxy;
			containerPortal = 6BC320172BDCD82700561911 /* Project object */;
			proxyType = 1;
			remoteGlobalIDString = 6BC3201E2BDCD82700561911;
			remoteInfo = "Milestone 1";
		};
		6BC320402BDCD82800561911 /* PBXContainerItemProxy */ = {
			isa = PBXContainerItemProxy;
			containerPortal = 6BC320172BDCD82700561911 /* Project object */;
			proxyType = 1;
			remoteGlobalIDString = 6BC3201E2BDCD82700561911;
			remoteInfo = "Milestone 1";
		};
/* End PBXContainerItemProxy section */

/* Begin PBXFileReference section */
		6BC3201F2BDCD82700561911 /* Milestone 1.app */ = {isa = PBXFileReference; explicitFileType = wrapper.application; includeInIndex = 0; path = "Milestone 1.app"; sourceTree = BUILT_PRODUCTS_DIR; };
		6BC320222BDCD82700561911 /* AppDelegate.swift */ = {isa = PBXFileReference; lastKnownFileType = sourcecode.swift; path = AppDelegate.swift; sourceTree = "<group>"; };
		6BC320242BDCD82700561911 /* SceneDelegate.swift */ = {isa = PBXFileReference; lastKnownFileType = sourcecode.swift; path = SceneDelegate.swift; sourceTree = "<group>"; };
		6BC320262BDCD82700561911 /* ViewController.swift */ = {isa = PBXFileReference; lastKnownFileType = sourcecode.swift; path = ViewController.swift; sourceTree = "<group>"; };
		6BC320292BDCD82700561911 /* Base */ = {isa = PBXFileReference; lastKnownFileType = file.storyboard; name = Base; path = Base.lproj/Main.storyboard; sourceTree = "<group>"; };
		6BC3202B2BDCD82800561911 /* Assets.xcassets */ = {isa = PBXFileReference; lastKnownFileType = folder.assetcatalog; path = Assets.xcassets; sourceTree = "<group>"; };
		6BC3202E2BDCD82800561911 /* Base */ = {isa = PBXFileReference; lastKnownFileType = file.storyboard; name = Base; path = Base.lproj/LaunchScreen.storyboard; sourceTree = "<group>"; };
		6BC320302BDCD82800561911 /* Info.plist */ = {isa = PBXFileReference; lastKnownFileType = text.plist.xml; path = Info.plist; sourceTree = "<group>"; };
		6BC320352BDCD82800561911 /* Milestone 1Tests.xctest */ = {isa = PBXFileReference; explicitFileType = wrapper.cfbundle; includeInIndex = 0; path = "Milestone 1Tests.xctest"; sourceTree = BUILT_PRODUCTS_DIR; };
		6BC320392BDCD82800561911 /* Milestone_1Tests.swift */ = {isa = PBXFileReference; lastKnownFileType = sourcecode.swift; path = Milestone_1Tests.swift; sourceTree = "<group>"; };
		6BC3203F2BDCD82800561911 /* Milestone 1UITests.xctest */ = {isa = PBXFileReference; explicitFileType = wrapper.cfbundle; includeInIndex = 0; path = "Milestone 1UITests.xctest"; sourceTree = BUILT_PRODUCTS_DIR; };
		6BC320432BDCD82800561911 /* Milestone_1UITests.swift */ = {isa = PBXFileReference; lastKnownFileType = sourcecode.swift; path = Milestone_1UITests.swift; sourceTree = "<group>"; };
		6BC320452BDCD82800561911 /* Milestone_1UITestsLaunchTests.swift */ = {isa = PBXFileReference; lastKnownFileType = sourcecode.swift; path = Milestone_1UITestsLaunchTests.swift; sourceTree = "<group>"; };
/* End PBXFileReference section */

/* Begin PBXFrameworksBuildPhase section */
		6BC3201C2BDCD82700561911 /* Frameworks */ = {
			isa = PBXFrameworksBuildPhase;
			buildActionMask = 2147483647;
			files = (
			);
			runOnlyForDeploymentPostprocessing = 0;
		};
		6BC320322BDCD82800561911 /* Frameworks */ = {
			isa = PBXFrameworksBuildPhase;
			buildActionMask = 2147483647;
			files = (
			);
			runOnlyForDeploymentPostprocessing = 0;
		};
		6BC3203C2BDCD82800561911 /* Frameworks */ = {
			isa = PBXFrameworksBuildPhase;
			buildActionMask = 2147483647;
			files = (
			);
			runOnlyForDeploymentPostprocessing = 0;
		};
/* End PBXFrameworksBuildPhase section */

/* Begin PBXGroup section */
		6BC320162BDCD82700561911 = {
			isa = PBXGroup;
			children = (
				6BC320212BDCD82700561911 /* Milestone 1 */,
				6BC320382BDCD82800561911 /* Milestone 1Tests */,
				6BC320422BDCD82800561911 /* Milestone 1UITests */,
				6BC320202BDCD82700561911 /* Products */,
			);
			sourceTree = "<group>";
		};
		6BC320202BDCD82700561911 /* Products */ = {
			isa = PBXGroup;
			children = (
				6BC3201F2BDCD82700561911 /* Milestone 1.app */,
				6BC320352BDCD82800561911 /* Milestone 1Tests.xctest */,
				6BC3203F2BDCD82800561911 /* Milestone 1UITests.xctest */,
			);
			name = Products;
			sourceTree = "<group>";
		};
		6BC320212BDCD82700561911 /* Milestone 1 */ = {
			isa = PBXGroup;
			children = (
				6BC320222BDCD82700561911 /* AppDelegate.swift */,
				6BC320242BDCD82700561911 /* SceneDelegate.swift */,
				6BC320262BDCD82700561911 /* ViewController.swift */,
				6BC320282BDCD82700561911 /* Main.storyboard */,
				6BC3202B2BDCD82800561911 /* Assets.xcassets */,
				6BC3202D2BDCD82800561911 /* LaunchScreen.storyboard */,
				6BC320302BDCD82800561911 /* Info.plist */,
			);
			path = "Milestone 1";
			sourceTree = "<group>";
		};
		6BC320382BDCD82800561911 /* Milestone 1Tests */ = {
			isa = PBXGroup;
			children = (
				6BC320392BDCD82800561911 /* Milestone_1Tests.swift */,
			);
			path = "Milestone 1Tests";
			sourceTree = "<group>";
		};
		6BC320422BDCD82800561911 /* Milestone 1UITests */ = {
			isa = PBXGroup;
			children = (
				6BC320432BDCD82800561911 /* Milestone_1UITests.swift */,
				6BC320452BDCD82800561911 /* Milestone_1UITestsLaunchTests.swift */,
			);
			path = "Milestone 1UITests";
			sourceTree = "<group>";
		};
/* End PBXGroup section */

/* Begin PBXNativeTarget section */
		6BC3201E2BDCD82700561911 /* Milestone 1 */ = {
			isa = PBXNativeTarget;
			buildConfigurationList = 6BC320492BDCD82800561911 /* Build configuration list for PBXNativeTarget "Milestone 1" */;
			buildPhases = (
				6BC3201B2BDCD82700561911 /* Sources */,
				6BC3201C2BDCD82700561911 /* Frameworks */,
				6BC3201D2BDCD82700561911 /* Resources */,
			);
			buildRules = (
			);
			dependencies = (
			);
			name = "Milestone 1";
			productName = "Milestone 1";
			productReference = 6BC3201F2BDCD82700561911 /* Milestone 1.app */;
			productType = "com.apple.product-type.application";
		};
		6BC320342BDCD82800561911 /* Milestone 1Tests */ = {
			isa = PBXNativeTarget;
			buildConfigurationList = 6BC3204C2BDCD82800561911 /* Build configuration list for PBXNativeTarget "Milestone 1Tests" */;
			buildPhases = (
				6BC320312BDCD82800561911 /* Sources */,
				6BC320322BDCD82800561911 /* Frameworks */,
				6BC320332BDCD82800561911 /* Resources */,
			);
			buildRules = (
			);
			dependencies = (
				6BC320372BDCD82800561911 /* PBXTargetDependency */,
			);
			name = "Milestone 1Tests";
			productName = "Milestone 1Tests";
			productReference = 6BC320352BDCD82800561911 /* Milestone 1Tests.xctest */;
			productType = "com.apple.product-type.bundle.unit-test";
		};
		6BC3203E2BDCD82800561911 /* Milestone 1UITests */ = {
			isa = PBXNativeTarget;
			buildConfigurationList = 6BC3204F2BDCD82800561911 /* Build configuration list for PBXNativeTarget "Milestone 1UITests" */;
			buildPhases = (
				6BC3203B2BDCD82800561911 /* Sources */,
				6BC3203C2BDCD82800561911 /* Frameworks */,
				6BC3203D2BDCD82800561911 /* Resources */,
			);
			buildRules = (
			);
			dependencies = (
				6BC320412BDCD82800561911 /* PBXTargetDependency */,
			);
			name = "Milestone 1UITests";
			productName = "Milestone 1UITests";
			productReference = 6BC3203F2BDCD82800561911 /* Milestone 1UITests.xctest */;
			productType = "com.apple.product-type.bundle.ui-testing";
		};
/* End PBXNativeTarget section */

/* Begin PBXProject section */
		6BC320172BDCD82700561911 /* Project object */ = {
			isa = PBXProject;
			attributes = {
				BuildIndependentTargetsInParallel = 1;
				LastSwiftUpdateCheck = 1530;
				LastUpgradeCheck = 1530;
				TargetAttributes = {
					6BC3201E2BDCD82700561911 = {
						CreatedOnToolsVersion = 15.3;
					};
					6BC320342BDCD82800561911 = {
						CreatedOnToolsVersion = 15.3;
						TestTargetID = 6BC3201E2BDCD82700561911;
					};
					6BC3203E2BDCD82800561911 = {
						CreatedOnToolsVersion = 15.3;
						TestTargetID = 6BC3201E2BDCD82700561911;
					};
				};
			};
			buildConfigurationList = 6BC3201A2BDCD82700561911 /* Build configuration list for PBXProject "Milestone 1" */;
			compatibilityVersion = "Xcode 14.0";
			developmentRegion = en;
			hasScannedForEncodings = 0;
			knownRegions = (
				en,
				Base,
			);
			mainGroup = 6BC320162BDCD82700561911;
			productRefGroup = 6BC320202BDCD82700561911 /* Products */;
			projectDirPath = "";
			projectRoot = "";
			targets = (
				6BC3201E2BDCD82700561911 /* Milestone 1 */,
				6BC320342BDCD82800561911 /* Milestone 1Tests */,
				6BC3203E2BDCD82800561911 /* Milestone 1UITests */,
			);
		};
/* End PBXProject section */

/* Begin PBXResourcesBuildPhase section */
		6BC3201D2BDCD82700561911 /* Resources */ = {
			isa = PBXResourcesBuildPhase;
			buildActionMask = 2147483647;
			files = (
				6BC3202C2BDCD82800561911 /* Assets.xcassets in Resources */,
				6BC3202F2BDCD82800561911 /* Base in Resources */,
				6BC3202A2BDCD82700561911 /* Base in Resources */,
			);
			runOnlyForDeploymentPostprocessing = 0;
		};
		6BC320332BDCD82800561911 /* Resources */ = {
			isa = PBXResourcesBuildPhase;
			buildActionMask = 2147483647;
			files = (
			);
			runOnlyForDeploymentPostprocessing = 0;
		};
		6BC3203D2BDCD82800561911 /* Resources */ = {
			isa = PBXResourcesBuildPhase;
			buildActionMask = 2147483647;
			files = (
			);
			runOnlyForDeploymentPostprocessing = 0;
		};
/* End PBXResourcesBuildPhase section */

/* Begin PBXSourcesBuildPhase section */
		6BC3201B2BDCD82700561911 /* Sources */ = {
			isa = PBXSourcesBuildPhase;
			buildActionMask = 2147483647;
			files = (
				6BC320272BDCD82700561911 /* ViewController.swift in Sources */,
				6BC320232BDCD82700561911 /* AppDelegate.swift in Sources */,
				6BC320252BDCD82700561911 /* SceneDelegate.swift in Sources */,
			);
			runOnlyForDeploymentPostprocessing = 0;
		};
		6BC320312BDCD82800561911 /* Sources */ = {
			isa = PBXSourcesBuildPhase;
			buildActionMask = 2147483647;
			files = (
				6BC3203A2BDCD82800561911 /* Milestone_1Tests.swift in Sources */,
			);
			runOnlyForDeploymentPostprocessing = 0;
		};
		6BC3203B2BDCD82800561911 /* Sources */ = {
			isa = PBXSourcesBuildPhase;
			buildActionMask = 2147483647;
			files = (
				6BC320442BDCD82800561911 /* Milestone_1UITests.swift in Sources */,
				6BC320462BDCD82800561911 /* Milestone_1UITestsLaunchTests.swift in Sources */,
			);
			runOnlyForDeploymentPostprocessing = 0;
		};
/* End PBXSourcesBuildPhase section */

/* Begin PBXTargetDependency section */
		6BC320372BDCD82800561911 /* PBXTargetDependency */ = {
			isa = PBXTargetDependency;
			target = 6BC3201E2BDCD82700561911 /* Milestone 1 */;
			targetProxy = 6BC320362BDCD82800561911 /* PBXContainerItemProxy */;
		};
		6BC320412BDCD82800561911 /* PBXTargetDependency */ = {
			isa = PBXTargetDependency;
			target = 6BC3201E2BDCD82700561911 /* Milestone 1 */;
			targetProxy = 6BC320402BDCD82800561911 /* PBXContainerItemProxy */;
		};
/* End PBXTargetDependency section */

/* Begin PBXVariantGroup section */
		6BC320282BDCD82700561911 /* Main.storyboard */ = {
			isa = PBXVariantGroup;
			children = (
				6BC320292BDCD82700561911 /* Base */,
			);
			name = Main.storyboard;
			sourceTree = "<group>";
		};
		6BC3202D2BDCD82800561911 /* LaunchScreen.storyboard */ = {
			isa = PBXVariantGroup;
			children = (
				6BC3202E2BDCD82800561911 /* Base */,
			);
			name = LaunchScreen.storyboard;
			sourceTree = "<group>";
		};
/* End PBXVariantGroup section */

/* Begin XCBuildConfiguration section */
		6BC320472BDCD82800561911 /* Debug */ = {
			isa = XCBuildConfiguration;
			buildSettings = {
				ALWAYS_SEARCH_USER_PATHS = NO;
				ASSETCATALOG_COMPILER_GENERATE_SWIFT_ASSET_SYMBOL_EXTENSIONS = YES;
				CLANG_ANALYZER_NONNULL = YES;
				CLANG_ANALYZER_NUMBER_OBJECT_CONVERSION = YES_AGGRESSIVE;
				CLANG_CXX_LANGUAGE_STANDARD = "gnu++20";
				CLANG_ENABLE_MODULES = YES;
				CLANG_ENABLE_OBJC_ARC = YES;
				CLANG_ENABLE_OBJC_WEAK = YES;
				CLANG_WARN_BLOCK_CAPTURE_AUTORELEASING = YES;
				CLANG_WARN_BOOL_CONVERSION = YES;
				CLANG_WARN_COMMA = YES;
				CLANG_WARN_CONSTANT_CONVERSION = YES;
				CLANG_WARN_DEPRECATED_OBJC_IMPLEMENTATIONS = YES;
				CLANG_WARN_DIRECT_OBJC_ISA_USAGE = YES_ERROR;
				CLANG_WARN_DOCUMENTATION_COMMENTS = YES;
				CLANG_WARN_EMPTY_BODY = YES;
				CLANG_WARN_ENUM_CONVERSION = YES;
				CLANG_WARN_INFINITE_RECURSION = YES;
				CLANG_WARN_INT_CONVERSION = YES;
				CLANG_WARN_NON_LITERAL_NULL_CONVERSION = YES;
				CLANG_WARN_OBJC_IMPLICIT_RETAIN_SELF = YES;
				CLANG_WARN_OBJC_LITERAL_CONVERSION = YES;
				CLANG_WARN_OBJC_ROOT_CLASS = YES_ERROR;
				CLANG_WARN_QUOTED_INCLUDE_IN_FRAMEWORK_HEADER = YES;
				CLANG_WARN_RANGE_LOOP_ANALYSIS = YES;
				CLANG_WARN_STRICT_PROTOTYPES = YES;
				CLANG_WARN_SUSPICIOUS_MOVE = YES;
				CLANG_WARN_UNGUARDED_AVAILABILITY = YES_AGGRESSIVE;
				CLANG_WARN_UNREACHABLE_CODE = YES;
				CLANG_WARN__DUPLICATE_METHOD_MATCH = YES;
				COPY_PHASE_STRIP = NO;
				DEBUG_INFORMATION_FORMAT = dwarf;
				ENABLE_STRICT_OBJC_MSGSEND = YES;
				ENABLE_TESTABILITY = YES;
				ENABLE_USER_SCRIPT_SANDBOXING = YES;
				GCC_C_LANGUAGE_STANDARD = gnu17;
				GCC_DYNAMIC_NO_PIC = NO;
				GCC_NO_COMMON_BLOCKS = YES;
				GCC_OPTIMIZATION_LEVEL = 0;
				GCC_PREPROCESSOR_DEFINITIONS = (
					"DEBUG=1",
					"$(inherited)",
				);
				GCC_WARN_64_TO_32_BIT_CONVERSION = YES;
				GCC_WARN_ABOUT_RETURN_TYPE = YES_ERROR;
				GCC_WARN_UNDECLARED_SELECTOR = YES;
				GCC_WARN_UNINITIALIZED_AUTOS = YES_AGGRESSIVE;
				GCC_WARN_UNUSED_FUNCTION = YES;
				GCC_WARN_UNUSED_VARIABLE = YES;
				IPHONEOS_DEPLOYMENT_TARGET = 17.4;
				LOCALIZATION_PREFERS_STRING_CATALOGS = YES;
				MTL_ENABLE_DEBUG_INFO = INCLUDE_SOURCE;
				MTL_FAST_MATH = YES;
				ONLY_ACTIVE_ARCH = YES;
				SDKROOT = iphoneos;
				SWIFT_ACTIVE_COMPILATION_CONDITIONS = "DEBUG $(inherited)";
				SWIFT_OPTIMIZATION_LEVEL = "-Onone";
			};
			name = Debug;
		};
		6BC320482BDCD82800561911 /* Release */ = {
			isa = XCBuildConfiguration;
			buildSettings = {
				ALWAYS_SEARCH_USER_PATHS = NO;
				ASSETCATALOG_COMPILER_GENERATE_SWIFT_ASSET_SYMBOL_EXTENSIONS = YES;
				CLANG_ANALYZER_NONNULL = YES;
				CLANG_ANALYZER_NUMBER_OBJECT_CONVERSION = YES_AGGRESSIVE;
				CLANG_CXX_LANGUAGE_STANDARD = "gnu++20";
				CLANG_ENABLE_MODULES = YES;
				CLANG_ENABLE_OBJC_ARC = YES;
				CLANG_ENABLE_OBJC_WEAK = YES;
				CLANG_WARN_BLOCK_CAPTURE_AUTORELEASING = YES;
				CLANG_WARN_BOOL_CONVERSION = YES;
				CLANG_WARN_COMMA = YES;
				CLANG_WARN_CONSTANT_CONVERSION = YES;
				CLANG_WARN_DEPRECATED_OBJC_IMPLEMENTATIONS = YES;
				CLANG_WARN_DIRECT_OBJC_ISA_USAGE = YES_ERROR;
				CLANG_WARN_DOCUMENTATION_COMMENTS = YES;
				CLANG_WARN_EMPTY_BODY = YES;
				CLANG_WARN_ENUM_CONVERSION = YES;
				CLANG_WARN_INFINITE_RECURSION = YES;
				CLANG_WARN_INT_CONVERSION = YES;
				CLANG_WARN_NON_LITERAL_NULL_CONVERSION = YES;
				CLANG_WARN_OBJC_IMPLICIT_RETAIN_SELF = YES;
				CLANG_WARN_OBJC_LITERAL_CONVERSION = YES;
				CLANG_WARN_OBJC_ROOT_CLASS = YES_ERROR;
				CLANG_WARN_QUOTED_INCLUDE_IN_FRAMEWORK_HEADER = YES;
				CLANG_WARN_RANGE_LOOP_ANALYSIS = YES;
				CLANG_WARN_STRICT_PROTOTYPES = YES;
				CLANG_WARN_SUSPICIOUS_MOVE = YES;
				CLANG_WARN_UNGUARDED_AVAILABILITY = YES_AGGRESSIVE;
				CLANG_WARN_UNREACHABLE_CODE = YES;
				CLANG_WARN__DUPLICATE_METHOD_MATCH = YES;
				COPY_PHASE_STRIP = NO;
				DEBUG_INFORMATION_FORMAT = "dwarf-with-dsym";
				ENABLE_NS_ASSERTIONS = NO;
				ENABLE_STRICT_OBJC_MSGSEND = YES;
				ENABLE_USER_SCRIPT_SANDBOXING = YES;
				GCC_C_LANGUAGE_STANDARD = gnu17;
				GCC_NO_COMMON_BLOCKS = YES;
				GCC_WARN_64_TO_32_BIT_CONVERSION = YES;
				GCC_WARN_ABOUT_RETURN_TYPE = YES_ERROR;
				GCC_WARN_UNDECLARED_SELECTOR = YES;
				GCC_WARN_UNINITIALIZED_AUTOS = YES_AGGRESSIVE;
				GCC_WARN_UNUSED_FUNCTION = YES;
				GCC_WARN_UNUSED_VARIABLE = YES;
				IPHONEOS_DEPLOYMENT_TARGET = 17.4;
				LOCALIZATION_PREFERS_STRING_CATALOGS = YES;
				MTL_ENABLE_DEBUG_INFO = NO;
				MTL_FAST_MATH = YES;
				SDKROOT = iphoneos;
				SWIFT_COMPILATION_MODE = wholemodule;
				VALIDATE_PRODUCT = YES;
			};
			name = Release;
		};
		6BC3204A2BDCD82800561911 /* Debug */ = {
			isa = XCBuildConfiguration;
			buildSettings = {
				ASSETCATALOG_COMPILER_APPICON_NAME = AppIcon;
				ASSETCATALOG_COMPILER_GLOBAL_ACCENT_COLOR_NAME = AccentColor;
				CODE_SIGN_STYLE = Automatic;
				CURRENT_PROJECT_VERSION = 1;
				DEVELOPMENT_TEAM = LLTXZL34C3;
				GENERATE_INFOPLIST_FILE = YES;
				INFOPLIST_FILE = "Milestone 1/Info.plist";
				INFOPLIST_KEY_UIApplicationSupportsIndirectInputEvents = YES;
				INFOPLIST_KEY_UILaunchStoryboardName = LaunchScreen;
				INFOPLIST_KEY_UIMainStoryboardFile = Main;
				INFOPLIST_KEY_UISupportedInterfaceOrientations_iPad = "UIInterfaceOrientationPortrait UIInterfaceOrientationPortraitUpsideDown UIInterfaceOrientationLandscapeLeft UIInterfaceOrientationLandscapeRight";
				INFOPLIST_KEY_UISupportedInterfaceOrientations_iPhone = "UIInterfaceOrientationPortrait UIInterfaceOrientationLandscapeLeft UIInterfaceOrientationLandscapeRight";
				LD_RUNPATH_SEARCH_PATHS = (
					"$(inherited)",
					"@executable_path/Frameworks",
				);
				MARKETING_VERSION = 1.0;
				PRODUCT_BUNDLE_IDENTIFIER = "com.miaHyun.Milestone-1";
				PRODUCT_NAME = "$(TARGET_NAME)";
				SWIFT_EMIT_LOC_STRINGS = YES;
				SWIFT_VERSION = 5.0;
				TARGETED_DEVICE_FAMILY = "1,2";
			};
			name = Debug;
		};
		6BC3204B2BDCD82800561911 /* Release */ = {
			isa = XCBuildConfiguration;
			buildSettings = {
				ASSETCATALOG_COMPILER_APPICON_NAME = AppIcon;
				ASSETCATALOG_COMPILER_GLOBAL_ACCENT_COLOR_NAME = AccentColor;
				CODE_SIGN_STYLE = Automatic;
				CURRENT_PROJECT_VERSION = 1;
				DEVELOPMENT_TEAM = LLTXZL34C3;
				GENERATE_INFOPLIST_FILE = YES;
				INFOPLIST_FILE = "Milestone 1/Info.plist";
				INFOPLIST_KEY_UIApplicationSupportsIndirectInputEvents = YES;
				INFOPLIST_KEY_UILaunchStoryboardName = LaunchScreen;
				INFOPLIST_KEY_UIMainStoryboardFile = Main;
				INFOPLIST_KEY_UISupportedInterfaceOrientations_iPad = "UIInterfaceOrientationPortrait UIInterfaceOrientationPortraitUpsideDown UIInterfaceOrientationLandscapeLeft UIInterfaceOrientationLandscapeRight";
				INFOPLIST_KEY_UISupportedInterfaceOrientations_iPhone = "UIInterfaceOrientationPortrait UIInterfaceOrientationLandscapeLeft UIInterfaceOrientationLandscapeRight";
				LD_RUNPATH_SEARCH_PATHS = (
					"$(inherited)",
					"@executable_path/Frameworks",
				);
				MARKETING_VERSION = 1.0;
				PRODUCT_BUNDLE_IDENTIFIER = "com.miaHyun.Milestone-1";
				PRODUCT_NAME = "$(TARGET_NAME)";
				SWIFT_EMIT_LOC_STRINGS = YES;
				SWIFT_VERSION = 5.0;
				TARGETED_DEVICE_FAMILY = "1,2";
			};
			name = Release;
		};
		6BC3204D2BDCD82800561911 /* Debug */ = {
			isa = XCBuildConfiguration;
			buildSettings = {
				ALWAYS_EMBED_SWIFT_STANDARD_LIBRARIES = YES;
				BUNDLE_LOADER = "$(TEST_HOST)";
				CODE_SIGN_STYLE = Automatic;
				CURRENT_PROJECT_VERSION = 1;
				DEVELOPMENT_TEAM = LLTXZL34C3;
				GENERATE_INFOPLIST_FILE = YES;
				IPHONEOS_DEPLOYMENT_TARGET = 17.4;
				MARKETING_VERSION = 1.0;
				PRODUCT_BUNDLE_IDENTIFIER = "com.miaHyun.Milestone-1Tests";
				PRODUCT_NAME = "$(TARGET_NAME)";
				SWIFT_EMIT_LOC_STRINGS = NO;
				SWIFT_VERSION = 5.0;
				TARGETED_DEVICE_FAMILY = "1,2";
				TEST_HOST = "$(BUILT_PRODUCTS_DIR)/Milestone 1.app/$(BUNDLE_EXECUTABLE_FOLDER_PATH)/Milestone 1";
			};
			name = Debug;
		};
		6BC3204E2BDCD82800561911 /* Release */ = {
			isa = XCBuildConfiguration;
			buildSettings = {
				ALWAYS_EMBED_SWIFT_STANDARD_LIBRARIES = YES;
				BUNDLE_LOADER = "$(TEST_HOST)";
				CODE_SIGN_STYLE = Automatic;
				CURRENT_PROJECT_VERSION = 1;
				DEVELOPMENT_TEAM = LLTXZL34C3;
				GENERATE_INFOPLIST_FILE = YES;
				IPHONEOS_DEPLOYMENT_TARGET = 17.4;
				MARKETING_VERSION = 1.0;
				PRODUCT_BUNDLE_IDENTIFIER = "com.miaHyun.Milestone-1Tests";
				PRODUCT_NAME = "$(TARGET_NAME)";
				SWIFT_EMIT_LOC_STRINGS = NO;
				SWIFT_VERSION = 5.0;
				TARGETED_DEVICE_FAMILY = "1,2";
				TEST_HOST = "$(BUILT_PRODUCTS_DIR)/Milestone 1.app/$(BUNDLE_EXECUTABLE_FOLDER_PATH)/Milestone 1";
			};
			name = Release;
		};
		6BC320502BDCD82800561911 /* Debug */ = {
			isa = XCBuildConfiguration;
			buildSettings = {
				ALWAYS_EMBED_SWIFT_STANDARD_LIBRARIES = YES;
				CODE_SIGN_STYLE = Automatic;
				CURRENT_PROJECT_VERSION = 1;
				DEVELOPMENT_TEAM = LLTXZL34C3;
				GENERATE_INFOPLIST_FILE = YES;
				MARKETING_VERSION = 1.0;
				PRODUCT_BUNDLE_IDENTIFIER = "com.miaHyun.Milestone-1UITests";
				PRODUCT_NAME = "$(TARGET_NAME)";
				SWIFT_EMIT_LOC_STRINGS = NO;
				SWIFT_VERSION = 5.0;
				TARGETED_DEVICE_FAMILY = "1,2";
				TEST_TARGET_NAME = "Milestone 1";
			};
			name = Debug;
		};
		6BC320512BDCD82800561911 /* Release */ = {
			isa = XCBuildConfiguration;
			buildSettings = {
				ALWAYS_EMBED_SWIFT_STANDARD_LIBRARIES = YES;
				CODE_SIGN_STYLE = Automatic;
				CURRENT_PROJECT_VERSION = 1;
				DEVELOPMENT_TEAM = LLTXZL34C3;
				GENERATE_INFOPLIST_FILE = YES;
				MARKETING_VERSION = 1.0;
				PRODUCT_BUNDLE_IDENTIFIER = "com.miaHyun.Milestone-1UITests";
				PRODUCT_NAME = "$(TARGET_NAME)";
				SWIFT_EMIT_LOC_STRINGS = NO;
				SWIFT_VERSION = 5.0;
				TARGETED_DEVICE_FAMILY = "1,2";
				TEST_TARGET_NAME = "Milestone 1";
			};
			name = Release;
		};
/* End XCBuildConfiguration section */

/* Begin XCConfigurationList section */
		6BC3201A2BDCD82700561911 /* Build configuration list for PBXProject "Milestone 1" */ = {
			isa = XCConfigurationList;
			buildConfigurations = (
				6BC320472BDCD82800561911 /* Debug */,
				6BC320482BDCD82800561911 /* Release */,
			);
			defaultConfigurationIsVisible = 0;
			defaultConfigurationName = Release;
		};
		6BC320492BDCD82800561911 /* Build configuration list for PBXNativeTarget "Milestone 1" */ = {
			isa = XCConfigurationList;
			buildConfigurations = (
				6BC3204A2BDCD82800561911 /* Debug */,
				6BC3204B2BDCD82800561911 /* Release */,
			);
			defaultConfigurationIsVisible = 0;
			defaultConfigurationName = Release;
		};
		6BC3204C2BDCD82800561911 /* Build configuration list for PBXNativeTarget "Milestone 1Tests" */ = {
			isa = XCConfigurationList;
			buildConfigurations = (
				6BC3204D2BDCD82800561911 /* Debug */,
				6BC3204E2BDCD82800561911 /* Release */,
			);
			defaultConfigurationIsVisible = 0;
			defaultConfigurationName = Release;
		};
		6BC3204F2BDCD82800561911 /* Build configuration list for PBXNativeTarget "Milestone 1UITests" */ = {
			isa = XCConfigurationList;
			buildConfigurations = (
				6BC320502BDCD82800561911 /* Debug */,
				6BC320512BDCD82800561911 /* Release */,
			);
			defaultConfigurationIsVisible = 0;
			defaultConfigurationName = Release;
		};
/* End XCConfigurationList section */
	};
	rootObject = 6BC320172BDCD82700561911 /* Project object */;
}
