// !$*UTF8*$!
{
	archiveVersion = 1;
	classes = {
	};
	objectVersion = 56;
	objects = {

/* Begin PBXBuildFile section */
		6BFA24FE2C05ADDE0093727D /* AppDelegate.swift in Sources */ = {isa = PBXBuildFile; fileRef = 6BFA24FD2C05ADDE0093727D /* AppDelegate.swift */; };
		6BFA25002C05ADDE0093727D /* SceneDelegate.swift in Sources */ = {isa = PBXBuildFile; fileRef = 6BFA24FF2C05ADDE0093727D /* SceneDelegate.swift */; };
		6BFA25022C05ADDE0093727D /* ViewController.swift in Sources */ = {isa = PBXBuildFile; fileRef = 6BFA25012C05ADDE0093727D /* ViewController.swift */; };
		6BFA25052C05ADDE0093727D /* Base in Resources */ = {isa = PBXBuildFile; fileRef = 6BFA25042C05ADDE0093727D /* Base */; };
		6BFA25072C05ADDF0093727D /* Assets.xcassets in Resources */ = {isa = PBXBuildFile; fileRef = 6BFA25062C05ADDF0093727D /* Assets.xcassets */; };
		6BFA250A2C05ADDF0093727D /* Base in Resources */ = {isa = PBXBuildFile; fileRef = 6BFA25092C05ADDF0093727D /* Base */; };
		6BFA25152C05ADDF0093727D /* CoordinatorTestTests.swift in Sources */ = {isa = PBXBuildFile; fileRef = 6BFA25142C05ADDF0093727D /* CoordinatorTestTests.swift */; };
		6BFA251F2C05ADDF0093727D /* CoordinatorTestUITests.swift in Sources */ = {isa = PBXBuildFile; fileRef = 6BFA251E2C05ADDF0093727D /* CoordinatorTestUITests.swift */; };
		6BFA25212C05ADDF0093727D /* CoordinatorTestUITestsLaunchTests.swift in Sources */ = {isa = PBXBuildFile; fileRef = 6BFA25202C05ADDF0093727D /* CoordinatorTestUITestsLaunchTests.swift */; };
/* End PBXBuildFile section */

/* Begin PBXContainerItemProxy section */
		6BFA25112C05ADDF0093727D /* PBXContainerItemProxy */ = {
			isa = PBXContainerItemProxy;
			containerPortal = 6BFA24F22C05ADDE0093727D /* Project object */;
			proxyType = 1;
			remoteGlobalIDString = 6BFA24F92C05ADDE0093727D;
			remoteInfo = CoordinatorTest;
		};
		6BFA251B2C05ADDF0093727D /* PBXContainerItemProxy */ = {
			isa = PBXContainerItemProxy;
			containerPortal = 6BFA24F22C05ADDE0093727D /* Project object */;
			proxyType = 1;
			remoteGlobalIDString = 6BFA24F92C05ADDE0093727D;
			remoteInfo = CoordinatorTest;
		};
/* End PBXContainerItemProxy section */

/* Begin PBXFileReference section */
		6BFA24FA2C05ADDE0093727D /* CoordinatorTest.app */ = {isa = PBXFileReference; explicitFileType = wrapper.application; includeInIndex = 0; path = CoordinatorTest.app; sourceTree = BUILT_PRODUCTS_DIR; };
		6BFA24FD2C05ADDE0093727D /* AppDelegate.swift */ = {isa = PBXFileReference; lastKnownFileType = sourcecode.swift; path = AppDelegate.swift; sourceTree = "<group>"; };
		6BFA24FF2C05ADDE0093727D /* SceneDelegate.swift */ = {isa = PBXFileReference; lastKnownFileType = sourcecode.swift; path = SceneDelegate.swift; sourceTree = "<group>"; };
		6BFA25012C05ADDE0093727D /* ViewController.swift */ = {isa = PBXFileReference; lastKnownFileType = sourcecode.swift; path = ViewController.swift; sourceTree = "<group>"; };
		6BFA25042C05ADDE0093727D /* Base */ = {isa = PBXFileReference; lastKnownFileType = file.storyboard; name = Base; path = Base.lproj/Main.storyboard; sourceTree = "<group>"; };
		6BFA25062C05ADDF0093727D /* Assets.xcassets */ = {isa = PBXFileReference; lastKnownFileType = folder.assetcatalog; path = Assets.xcassets; sourceTree = "<group>"; };
		6BFA25092C05ADDF0093727D /* Base */ = {isa = PBXFileReference; lastKnownFileType = file.storyboard; name = Base; path = Base.lproj/LaunchScreen.storyboard; sourceTree = "<group>"; };
		6BFA250B2C05ADDF0093727D /* Info.plist */ = {isa = PBXFileReference; lastKnownFileType = text.plist.xml; path = Info.plist; sourceTree = "<group>"; };
		6BFA25102C05ADDF0093727D /* CoordinatorTestTests.xctest */ = {isa = PBXFileReference; explicitFileType = wrapper.cfbundle; includeInIndex = 0; path = CoordinatorTestTests.xctest; sourceTree = BUILT_PRODUCTS_DIR; };
		6BFA25142C05ADDF0093727D /* CoordinatorTestTests.swift */ = {isa = PBXFileReference; lastKnownFileType = sourcecode.swift; path = CoordinatorTestTests.swift; sourceTree = "<group>"; };
		6BFA251A2C05ADDF0093727D /* CoordinatorTestUITests.xctest */ = {isa = PBXFileReference; explicitFileType = wrapper.cfbundle; includeInIndex = 0; path = CoordinatorTestUITests.xctest; sourceTree = BUILT_PRODUCTS_DIR; };
		6BFA251E2C05ADDF0093727D /* CoordinatorTestUITests.swift */ = {isa = PBXFileReference; lastKnownFileType = sourcecode.swift; path = CoordinatorTestUITests.swift; sourceTree = "<group>"; };
		6BFA25202C05ADDF0093727D /* CoordinatorTestUITestsLaunchTests.swift */ = {isa = PBXFileReference; lastKnownFileType = sourcecode.swift; path = CoordinatorTestUITestsLaunchTests.swift; sourceTree = "<group>"; };
/* End PBXFileReference section */

/* Begin PBXFrameworksBuildPhase section */
		6BFA24F72C05ADDE0093727D /* Frameworks */ = {
			isa = PBXFrameworksBuildPhase;
			buildActionMask = 2147483647;
			files = (
			);
			runOnlyForDeploymentPostprocessing = 0;
		};
		6BFA250D2C05ADDF0093727D /* Frameworks */ = {
			isa = PBXFrameworksBuildPhase;
			buildActionMask = 2147483647;
			files = (
			);
			runOnlyForDeploymentPostprocessing = 0;
		};
		6BFA25172C05ADDF0093727D /* Frameworks */ = {
			isa = PBXFrameworksBuildPhase;
			buildActionMask = 2147483647;
			files = (
			);
			runOnlyForDeploymentPostprocessing = 0;
		};
/* End PBXFrameworksBuildPhase section */

/* Begin PBXGroup section */
		6BFA24F12C05ADDE0093727D = {
			isa = PBXGroup;
			children = (
				6BFA24FC2C05ADDE0093727D /* CoordinatorTest */,
				6BFA25132C05ADDF0093727D /* CoordinatorTestTests */,
				6BFA251D2C05ADDF0093727D /* CoordinatorTestUITests */,
				6BFA24FB2C05ADDE0093727D /* Products */,
			);
			sourceTree = "<group>";
		};
		6BFA24FB2C05ADDE0093727D /* Products */ = {
			isa = PBXGroup;
			children = (
				6BFA24FA2C05ADDE0093727D /* CoordinatorTest.app */,
				6BFA25102C05ADDF0093727D /* CoordinatorTestTests.xctest */,
				6BFA251A2C05ADDF0093727D /* CoordinatorTestUITests.xctest */,
			);
			name = Products;
			sourceTree = "<group>";
		};
		6BFA24FC2C05ADDE0093727D /* CoordinatorTest */ = {
			isa = PBXGroup;
			children = (
				6BFA24FD2C05ADDE0093727D /* AppDelegate.swift */,
				6BFA24FF2C05ADDE0093727D /* SceneDelegate.swift */,
				6BFA25012C05ADDE0093727D /* ViewController.swift */,
				6BFA25032C05ADDE0093727D /* Main.storyboard */,
				6BFA25062C05ADDF0093727D /* Assets.xcassets */,
				6BFA25082C05ADDF0093727D /* LaunchScreen.storyboard */,
				6BFA250B2C05ADDF0093727D /* Info.plist */,
			);
			path = CoordinatorTest;
			sourceTree = "<group>";
		};
		6BFA25132C05ADDF0093727D /* CoordinatorTestTests */ = {
			isa = PBXGroup;
			children = (
				6BFA25142C05ADDF0093727D /* CoordinatorTestTests.swift */,
			);
			path = CoordinatorTestTests;
			sourceTree = "<group>";
		};
		6BFA251D2C05ADDF0093727D /* CoordinatorTestUITests */ = {
			isa = PBXGroup;
			children = (
				6BFA251E2C05ADDF0093727D /* CoordinatorTestUITests.swift */,
				6BFA25202C05ADDF0093727D /* CoordinatorTestUITestsLaunchTests.swift */,
			);
			path = CoordinatorTestUITests;
			sourceTree = "<group>";
		};
/* End PBXGroup section */

/* Begin PBXNativeTarget section */
		6BFA24F92C05ADDE0093727D /* CoordinatorTest */ = {
			isa = PBXNativeTarget;
			buildConfigurationList = 6BFA25242C05ADDF0093727D /* Build configuration list for PBXNativeTarget "CoordinatorTest" */;
			buildPhases = (
				6BFA24F62C05ADDE0093727D /* Sources */,
				6BFA24F72C05ADDE0093727D /* Frameworks */,
				6BFA24F82C05ADDE0093727D /* Resources */,
			);
			buildRules = (
			);
			dependencies = (
			);
			name = CoordinatorTest;
			productName = CoordinatorTest;
			productReference = 6BFA24FA2C05ADDE0093727D /* CoordinatorTest.app */;
			productType = "com.apple.product-type.application";
		};
		6BFA250F2C05ADDF0093727D /* CoordinatorTestTests */ = {
			isa = PBXNativeTarget;
			buildConfigurationList = 6BFA25272C05ADDF0093727D /* Build configuration list for PBXNativeTarget "CoordinatorTestTests" */;
			buildPhases = (
				6BFA250C2C05ADDF0093727D /* Sources */,
				6BFA250D2C05ADDF0093727D /* Frameworks */,
				6BFA250E2C05ADDF0093727D /* Resources */,
			);
			buildRules = (
			);
			dependencies = (
				6BFA25122C05ADDF0093727D /* PBXTargetDependency */,
			);
			name = CoordinatorTestTests;
			productName = CoordinatorTestTests;
			productReference = 6BFA25102C05ADDF0093727D /* CoordinatorTestTests.xctest */;
			productType = "com.apple.product-type.bundle.unit-test";
		};
		6BFA25192C05ADDF0093727D /* CoordinatorTestUITests */ = {
			isa = PBXNativeTarget;
			buildConfigurationList = 6BFA252A2C05ADDF0093727D /* Build configuration list for PBXNativeTarget "CoordinatorTestUITests" */;
			buildPhases = (
				6BFA25162C05ADDF0093727D /* Sources */,
				6BFA25172C05ADDF0093727D /* Frameworks */,
				6BFA25182C05ADDF0093727D /* Resources */,
			);
			buildRules = (
			);
			dependencies = (
				6BFA251C2C05ADDF0093727D /* PBXTargetDependency */,
			);
			name = CoordinatorTestUITests;
			productName = CoordinatorTestUITests;
			productReference = 6BFA251A2C05ADDF0093727D /* CoordinatorTestUITests.xctest */;
			productType = "com.apple.product-type.bundle.ui-testing";
		};
/* End PBXNativeTarget section */

/* Begin PBXProject section */
		6BFA24F22C05ADDE0093727D /* Project object */ = {
			isa = PBXProject;
			attributes = {
				BuildIndependentTargetsInParallel = 1;
				LastSwiftUpdateCheck = 1540;
				LastUpgradeCheck = 1540;
				TargetAttributes = {
					6BFA24F92C05ADDE0093727D = {
						CreatedOnToolsVersion = 15.4;
					};
					6BFA250F2C05ADDF0093727D = {
						CreatedOnToolsVersion = 15.4;
						TestTargetID = 6BFA24F92C05ADDE0093727D;
					};
					6BFA25192C05ADDF0093727D = {
						CreatedOnToolsVersion = 15.4;
						TestTargetID = 6BFA24F92C05ADDE0093727D;
					};
				};
			};
			buildConfigurationList = 6BFA24F52C05ADDE0093727D /* Build configuration list for PBXProject "CoordinatorTest" */;
			compatibilityVersion = "Xcode 14.0";
			developmentRegion = en;
			hasScannedForEncodings = 0;
			knownRegions = (
				en,
				Base,
			);
			mainGroup = 6BFA24F12C05ADDE0093727D;
			productRefGroup = 6BFA24FB2C05ADDE0093727D /* Products */;
			projectDirPath = "";
			projectRoot = "";
			targets = (
				6BFA24F92C05ADDE0093727D /* CoordinatorTest */,
				6BFA250F2C05ADDF0093727D /* CoordinatorTestTests */,
				6BFA25192C05ADDF0093727D /* CoordinatorTestUITests */,
			);
		};
/* End PBXProject section */

/* Begin PBXResourcesBuildPhase section */
		6BFA24F82C05ADDE0093727D /* Resources */ = {
			isa = PBXResourcesBuildPhase;
			buildActionMask = 2147483647;
			files = (
				6BFA25072C05ADDF0093727D /* Assets.xcassets in Resources */,
				6BFA250A2C05ADDF0093727D /* Base in Resources */,
				6BFA25052C05ADDE0093727D /* Base in Resources */,
			);
			runOnlyForDeploymentPostprocessing = 0;
		};
		6BFA250E2C05ADDF0093727D /* Resources */ = {
			isa = PBXResourcesBuildPhase;
			buildActionMask = 2147483647;
			files = (
			);
			runOnlyForDeploymentPostprocessing = 0;
		};
		6BFA25182C05ADDF0093727D /* Resources */ = {
			isa = PBXResourcesBuildPhase;
			buildActionMask = 2147483647;
			files = (
			);
			runOnlyForDeploymentPostprocessing = 0;
		};
/* End PBXResourcesBuildPhase section */

/* Begin PBXSourcesBuildPhase section */
		6BFA24F62C05ADDE0093727D /* Sources */ = {
			isa = PBXSourcesBuildPhase;
			buildActionMask = 2147483647;
			files = (
				6BFA25022C05ADDE0093727D /* ViewController.swift in Sources */,
				6BFA24FE2C05ADDE0093727D /* AppDelegate.swift in Sources */,
				6BFA25002C05ADDE0093727D /* SceneDelegate.swift in Sources */,
			);
			runOnlyForDeploymentPostprocessing = 0;
		};
		6BFA250C2C05ADDF0093727D /* Sources */ = {
			isa = PBXSourcesBuildPhase;
			buildActionMask = 2147483647;
			files = (
				6BFA25152C05ADDF0093727D /* CoordinatorTestTests.swift in Sources */,
			);
			runOnlyForDeploymentPostprocessing = 0;
		};
		6BFA25162C05ADDF0093727D /* Sources */ = {
			isa = PBXSourcesBuildPhase;
			buildActionMask = 2147483647;
			files = (
				6BFA251F2C05ADDF0093727D /* CoordinatorTestUITests.swift in Sources */,
				6BFA25212C05ADDF0093727D /* CoordinatorTestUITestsLaunchTests.swift in Sources */,
			);
			runOnlyForDeploymentPostprocessing = 0;
		};
/* End PBXSourcesBuildPhase section */

/* Begin PBXTargetDependency section */
		6BFA25122C05ADDF0093727D /* PBXTargetDependency */ = {
			isa = PBXTargetDependency;
			target = 6BFA24F92C05ADDE0093727D /* CoordinatorTest */;
			targetProxy = 6BFA25112C05ADDF0093727D /* PBXContainerItemProxy */;
		};
		6BFA251C2C05ADDF0093727D /* PBXTargetDependency */ = {
			isa = PBXTargetDependency;
			target = 6BFA24F92C05ADDE0093727D /* CoordinatorTest */;
			targetProxy = 6BFA251B2C05ADDF0093727D /* PBXContainerItemProxy */;
		};
/* End PBXTargetDependency section */

/* Begin PBXVariantGroup section */
		6BFA25032C05ADDE0093727D /* Main.storyboard */ = {
			isa = PBXVariantGroup;
			children = (
				6BFA25042C05ADDE0093727D /* Base */,
			);
			name = Main.storyboard;
			sourceTree = "<group>";
		};
		6BFA25082C05ADDF0093727D /* LaunchScreen.storyboard */ = {
			isa = PBXVariantGroup;
			children = (
				6BFA25092C05ADDF0093727D /* Base */,
			);
			name = LaunchScreen.storyboard;
			sourceTree = "<group>";
		};
/* End PBXVariantGroup section */

/* Begin XCBuildConfiguration section */
		6BFA25222C05ADDF0093727D /* Debug */ = {
			isa = XCBuildConfiguration;
			buildSettings = {
				ALWAYS_SEARCH_USER_PATHS = NO;
				ASSETCATALOG_COMPILER_GENERATE_SWIFT_ASSET_SYMBOL_EXTENSIONS = YES;
				CLANG_ANALYZER_NONNULL = YES;
				CLANG_ANALYZER_NUMBER_OBJECT_CONVERSION = YES_AGGRESSIVE;
				CLANG_CXX_LANGUAGE_STANDARD = "gnu++20";
				CLANG_ENABLE_MODULES = YES;
				CLANG_ENABLE_OBJC_ARC = YES;
				CLANG_ENABLE_OBJC_WEAK = YES;
				CLANG_WARN_BLOCK_CAPTURE_AUTORELEASING = YES;
				CLANG_WARN_BOOL_CONVERSION = YES;
				CLANG_WARN_COMMA = YES;
				CLANG_WARN_CONSTANT_CONVERSION = YES;
				CLANG_WARN_DEPRECATED_OBJC_IMPLEMENTATIONS = YES;
				CLANG_WARN_DIRECT_OBJC_ISA_USAGE = YES_ERROR;
				CLANG_WARN_DOCUMENTATION_COMMENTS = YES;
				CLANG_WARN_EMPTY_BODY = YES;
				CLANG_WARN_ENUM_CONVERSION = YES;
				CLANG_WARN_INFINITE_RECURSION = YES;
				CLANG_WARN_INT_CONVERSION = YES;
				CLANG_WARN_NON_LITERAL_NULL_CONVERSION = YES;
				CLANG_WARN_OBJC_IMPLICIT_RETAIN_SELF = YES;
				CLANG_WARN_OBJC_LITERAL_CONVERSION = YES;
				CLANG_WARN_OBJC_ROOT_CLASS = YES_ERROR;
				CLANG_WARN_QUOTED_INCLUDE_IN_FRAMEWORK_HEADER = YES;
				CLANG_WARN_RANGE_LOOP_ANALYSIS = YES;
				CLANG_WARN_STRICT_PROTOTYPES = YES;
				CLANG_WARN_SUSPICIOUS_MOVE = YES;
				CLANG_WARN_UNGUARDED_AVAILABILITY = YES_AGGRESSIVE;
				CLANG_WARN_UNREACHABLE_CODE = YES;
				CLANG_WARN__DUPLICATE_METHOD_MATCH = YES;
				COPY_PHASE_STRIP = NO;
				DEBUG_INFORMATION_FORMAT = dwarf;
				ENABLE_STRICT_OBJC_MSGSEND = YES;
				ENABLE_TESTABILITY = YES;
				ENABLE_USER_SCRIPT_SANDBOXING = YES;
				GCC_C_LANGUAGE_STANDARD = gnu17;
				GCC_DYNAMIC_NO_PIC = NO;
				GCC_NO_COMMON_BLOCKS = YES;
				GCC_OPTIMIZATION_LEVEL = 0;
				GCC_PREPROCESSOR_DEFINITIONS = (
					"DEBUG=1",
					"$(inherited)",
				);
				GCC_WARN_64_TO_32_BIT_CONVERSION = YES;
				GCC_WARN_ABOUT_RETURN_TYPE = YES_ERROR;
				GCC_WARN_UNDECLARED_SELECTOR = YES;
				GCC_WARN_UNINITIALIZED_AUTOS = YES_AGGRESSIVE;
				GCC_WARN_UNUSED_FUNCTION = YES;
				GCC_WARN_UNUSED_VARIABLE = YES;
				IPHONEOS_DEPLOYMENT_TARGET = 17.5;
				LOCALIZATION_PREFERS_STRING_CATALOGS = YES;
				MTL_ENABLE_DEBUG_INFO = INCLUDE_SOURCE;
				MTL_FAST_MATH = YES;
				ONLY_ACTIVE_ARCH = YES;
				SDKROOT = iphoneos;
				SWIFT_ACTIVE_COMPILATION_CONDITIONS = "DEBUG $(inherited)";
				SWIFT_OPTIMIZATION_LEVEL = "-Onone";
			};
			name = Debug;
		};
		6BFA25232C05ADDF0093727D /* Release */ = {
			isa = XCBuildConfiguration;
			buildSettings = {
				ALWAYS_SEARCH_USER_PATHS = NO;
				ASSETCATALOG_COMPILER_GENERATE_SWIFT_ASSET_SYMBOL_EXTENSIONS = YES;
				CLANG_ANALYZER_NONNULL = YES;
				CLANG_ANALYZER_NUMBER_OBJECT_CONVERSION = YES_AGGRESSIVE;
				CLANG_CXX_LANGUAGE_STANDARD = "gnu++20";
				CLANG_ENABLE_MODULES = YES;
				CLANG_ENABLE_OBJC_ARC = YES;
				CLANG_ENABLE_OBJC_WEAK = YES;
				CLANG_WARN_BLOCK_CAPTURE_AUTORELEASING = YES;
				CLANG_WARN_BOOL_CONVERSION = YES;
				CLANG_WARN_COMMA = YES;
				CLANG_WARN_CONSTANT_CONVERSION = YES;
				CLANG_WARN_DEPRECATED_OBJC_IMPLEMENTATIONS = YES;
				CLANG_WARN_DIRECT_OBJC_ISA_USAGE = YES_ERROR;
				CLANG_WARN_DOCUMENTATION_COMMENTS = YES;
				CLANG_WARN_EMPTY_BODY = YES;
				CLANG_WARN_ENUM_CONVERSION = YES;
				CLANG_WARN_INFINITE_RECURSION = YES;
				CLANG_WARN_INT_CONVERSION = YES;
				CLANG_WARN_NON_LITERAL_NULL_CONVERSION = YES;
				CLANG_WARN_OBJC_IMPLICIT_RETAIN_SELF = YES;
				CLANG_WARN_OBJC_LITERAL_CONVERSION = YES;
				CLANG_WARN_OBJC_ROOT_CLASS = YES_ERROR;
				CLANG_WARN_QUOTED_INCLUDE_IN_FRAMEWORK_HEADER = YES;
				CLANG_WARN_RANGE_LOOP_ANALYSIS = YES;
				CLANG_WARN_STRICT_PROTOTYPES = YES;
				CLANG_WARN_SUSPICIOUS_MOVE = YES;
				CLANG_WARN_UNGUARDED_AVAILABILITY = YES_AGGRESSIVE;
				CLANG_WARN_UNREACHABLE_CODE = YES;
				CLANG_WARN__DUPLICATE_METHOD_MATCH = YES;
				COPY_PHASE_STRIP = NO;
				DEBUG_INFORMATION_FORMAT = "dwarf-with-dsym";
				ENABLE_NS_ASSERTIONS = NO;
				ENABLE_STRICT_OBJC_MSGSEND = YES;
				ENABLE_USER_SCRIPT_SANDBOXING = YES;
				GCC_C_LANGUAGE_STANDARD = gnu17;
				GCC_NO_COMMON_BLOCKS = YES;
				GCC_WARN_64_TO_32_BIT_CONVERSION = YES;
				GCC_WARN_ABOUT_RETURN_TYPE = YES_ERROR;
				GCC_WARN_UNDECLARED_SELECTOR = YES;
				GCC_WARN_UNINITIALIZED_AUTOS = YES_AGGRESSIVE;
				GCC_WARN_UNUSED_FUNCTION = YES;
				GCC_WARN_UNUSED_VARIABLE = YES;
				IPHONEOS_DEPLOYMENT_TARGET = 17.5;
				LOCALIZATION_PREFERS_STRING_CATALOGS = YES;
				MTL_ENABLE_DEBUG_INFO = NO;
				MTL_FAST_MATH = YES;
				SDKROOT = iphoneos;
				SWIFT_COMPILATION_MODE = wholemodule;
				VALIDATE_PRODUCT = YES;
			};
			name = Release;
		};
		6BFA25252C05ADDF0093727D /* Debug */ = {
			isa = XCBuildConfiguration;
			buildSettings = {
				ASSETCATALOG_COMPILER_APPICON_NAME = AppIcon;
				ASSETCATALOG_COMPILER_GLOBAL_ACCENT_COLOR_NAME = AccentColor;
				CODE_SIGN_STYLE = Automatic;
				CURRENT_PROJECT_VERSION = 1;
				DEVELOPMENT_TEAM = LLTXZL34C3;
				GENERATE_INFOPLIST_FILE = YES;
				INFOPLIST_FILE = CoordinatorTest/Info.plist;
				INFOPLIST_KEY_UIApplicationSupportsIndirectInputEvents = YES;
				INFOPLIST_KEY_UILaunchStoryboardName = LaunchScreen;
				INFOPLIST_KEY_UIMainStoryboardFile = Main;
				INFOPLIST_KEY_UISupportedInterfaceOrientations_iPad = "UIInterfaceOrientationPortrait UIInterfaceOrientationPortraitUpsideDown UIInterfaceOrientationLandscapeLeft UIInterfaceOrientationLandscapeRight";
				INFOPLIST_KEY_UISupportedInterfaceOrientations_iPhone = "UIInterfaceOrientationPortrait UIInterfaceOrientationLandscapeLeft UIInterfaceOrientationLandscapeRight";
				LD_RUNPATH_SEARCH_PATHS = (
					"$(inherited)",
					"@executable_path/Frameworks",
				);
				MARKETING_VERSION = 1.0;
				PRODUCT_BUNDLE_IDENTIFIER = com.MiaHyun.CoordinatorTest;
				PRODUCT_NAME = "$(TARGET_NAME)";
				SWIFT_EMIT_LOC_STRINGS = YES;
				SWIFT_VERSION = 5.0;
				TARGETED_DEVICE_FAMILY = "1,2";
			};
			name = Debug;
		};
		6BFA25262C05ADDF0093727D /* Release */ = {
			isa = XCBuildConfiguration;
			buildSettings = {
				ASSETCATALOG_COMPILER_APPICON_NAME = AppIcon;
				ASSETCATALOG_COMPILER_GLOBAL_ACCENT_COLOR_NAME = AccentColor;
				CODE_SIGN_STYLE = Automatic;
				CURRENT_PROJECT_VERSION = 1;
				DEVELOPMENT_TEAM = LLTXZL34C3;
				GENERATE_INFOPLIST_FILE = YES;
				INFOPLIST_FILE = CoordinatorTest/Info.plist;
				INFOPLIST_KEY_UIApplicationSupportsIndirectInputEvents = YES;
				INFOPLIST_KEY_UILaunchStoryboardName = LaunchScreen;
				INFOPLIST_KEY_UIMainStoryboardFile = Main;
				INFOPLIST_KEY_UISupportedInterfaceOrientations_iPad = "UIInterfaceOrientationPortrait UIInterfaceOrientationPortraitUpsideDown UIInterfaceOrientationLandscapeLeft UIInterfaceOrientationLandscapeRight";
				INFOPLIST_KEY_UISupportedInterfaceOrientations_iPhone = "UIInterfaceOrientationPortrait UIInterfaceOrientationLandscapeLeft UIInterfaceOrientationLandscapeRight";
				LD_RUNPATH_SEARCH_PATHS = (
					"$(inherited)",
					"@executable_path/Frameworks",
				);
				MARKETING_VERSION = 1.0;
				PRODUCT_BUNDLE_IDENTIFIER = com.MiaHyun.CoordinatorTest;
				PRODUCT_NAME = "$(TARGET_NAME)";
				SWIFT_EMIT_LOC_STRINGS = YES;
				SWIFT_VERSION = 5.0;
				TARGETED_DEVICE_FAMILY = "1,2";
			};
			name = Release;
		};
		6BFA25282C05ADDF0093727D /* Debug */ = {
			isa = XCBuildConfiguration;
			buildSettings = {
				ALWAYS_EMBED_SWIFT_STANDARD_LIBRARIES = YES;
				BUNDLE_LOADER = "$(TEST_HOST)";
				CODE_SIGN_STYLE = Automatic;
				CURRENT_PROJECT_VERSION = 1;
				DEVELOPMENT_TEAM = LLTXZL34C3;
				GENERATE_INFOPLIST_FILE = YES;
				IPHONEOS_DEPLOYMENT_TARGET = 17.5;
				MARKETING_VERSION = 1.0;
				PRODUCT_BUNDLE_IDENTIFIER = com.MiaHyun.CoordinatorTestTests;
				PRODUCT_NAME = "$(TARGET_NAME)";
				SWIFT_EMIT_LOC_STRINGS = NO;
				SWIFT_VERSION = 5.0;
				TARGETED_DEVICE_FAMILY = "1,2";
				TEST_HOST = "$(BUILT_PRODUCTS_DIR)/CoordinatorTest.app/$(BUNDLE_EXECUTABLE_FOLDER_PATH)/CoordinatorTest";
			};
			name = Debug;
		};
		6BFA25292C05ADDF0093727D /* Release */ = {
			isa = XCBuildConfiguration;
			buildSettings = {
				ALWAYS_EMBED_SWIFT_STANDARD_LIBRARIES = YES;
				BUNDLE_LOADER = "$(TEST_HOST)";
				CODE_SIGN_STYLE = Automatic;
				CURRENT_PROJECT_VERSION = 1;
				DEVELOPMENT_TEAM = LLTXZL34C3;
				GENERATE_INFOPLIST_FILE = YES;
				IPHONEOS_DEPLOYMENT_TARGET = 17.5;
				MARKETING_VERSION = 1.0;
				PRODUCT_BUNDLE_IDENTIFIER = com.MiaHyun.CoordinatorTestTests;
				PRODUCT_NAME = "$(TARGET_NAME)";
				SWIFT_EMIT_LOC_STRINGS = NO;
				SWIFT_VERSION = 5.0;
				TARGETED_DEVICE_FAMILY = "1,2";
				TEST_HOST = "$(BUILT_PRODUCTS_DIR)/CoordinatorTest.app/$(BUNDLE_EXECUTABLE_FOLDER_PATH)/CoordinatorTest";
			};
			name = Release;
		};
		6BFA252B2C05ADDF0093727D /* Debug */ = {
			isa = XCBuildConfiguration;
			buildSettings = {
				ALWAYS_EMBED_SWIFT_STANDARD_LIBRARIES = YES;
				CODE_SIGN_STYLE = Automatic;
				CURRENT_PROJECT_VERSION = 1;
				DEVELOPMENT_TEAM = LLTXZL34C3;
				GENERATE_INFOPLIST_FILE = YES;
				MARKETING_VERSION = 1.0;
				PRODUCT_BUNDLE_IDENTIFIER = com.MiaHyun.CoordinatorTestUITests;
				PRODUCT_NAME = "$(TARGET_NAME)";
				SWIFT_EMIT_LOC_STRINGS = NO;
				SWIFT_VERSION = 5.0;
				TARGETED_DEVICE_FAMILY = "1,2";
				TEST_TARGET_NAME = CoordinatorTest;
			};
			name = Debug;
		};
		6BFA252C2C05ADDF0093727D /* Release */ = {
			isa = XCBuildConfiguration;
			buildSettings = {
				ALWAYS_EMBED_SWIFT_STANDARD_LIBRARIES = YES;
				CODE_SIGN_STYLE = Automatic;
				CURRENT_PROJECT_VERSION = 1;
				DEVELOPMENT_TEAM = LLTXZL34C3;
				GENERATE_INFOPLIST_FILE = YES;
				MARKETING_VERSION = 1.0;
				PRODUCT_BUNDLE_IDENTIFIER = com.MiaHyun.CoordinatorTestUITests;
				PRODUCT_NAME = "$(TARGET_NAME)";
				SWIFT_EMIT_LOC_STRINGS = NO;
				SWIFT_VERSION = 5.0;
				TARGETED_DEVICE_FAMILY = "1,2";
				TEST_TARGET_NAME = CoordinatorTest;
			};
			name = Release;
		};
/* End XCBuildConfiguration section */

/* Begin XCConfigurationList section */
		6BFA24F52C05ADDE0093727D /* Build configuration list for PBXProject "CoordinatorTest" */ = {
			isa = XCConfigurationList;
			buildConfigurations = (
				6BFA25222C05ADDF0093727D /* Debug */,
				6BFA25232C05ADDF0093727D /* Release */,
			);
			defaultConfigurationIsVisible = 0;
			defaultConfigurationName = Release;
		};
		6BFA25242C05ADDF0093727D /* Build configuration list for PBXNativeTarget "CoordinatorTest" */ = {
			isa = XCConfigurationList;
			buildConfigurations = (
				6BFA25252C05ADDF0093727D /* Debug */,
				6BFA25262C05ADDF0093727D /* Release */,
			);
			defaultConfigurationIsVisible = 0;
			defaultConfigurationName = Release;
		};
		6BFA25272C05ADDF0093727D /* Build configuration list for PBXNativeTarget "CoordinatorTestTests" */ = {
			isa = XCConfigurationList;
			buildConfigurations = (
				6BFA25282C05ADDF0093727D /* Debug */,
				6BFA25292C05ADDF0093727D /* Release */,
			);
			defaultConfigurationIsVisible = 0;
			defaultConfigurationName = Release;
		};
		6BFA252A2C05ADDF0093727D /* Build configuration list for PBXNativeTarget "CoordinatorTestUITests" */ = {
			isa = XCConfigurationList;
			buildConfigurations = (
				6BFA252B2C05ADDF0093727D /* Debug */,
				6BFA252C2C05ADDF0093727D /* Release */,
			);
			defaultConfigurationIsVisible = 0;
			defaultConfigurationName = Release;
		};
/* End XCConfigurationList section */
	};
	rootObject = 6BFA24F22C05ADDE0093727D /* Project object */;
}
